// !$*UTF8*$!
{
	archiveVersion = 1;
	classes = {
	};
	objectVersion = 55;
	objects = {

/* Begin PBXBuildFile section */
		1DD8C3D19540E6F951C59DCB /* libPods-Sparky-iOSTests.a in Frameworks */ = {isa = PBXBuildFile; fileRef = DAE459B792DE22E4D9BCEFF7 /* libPods-Sparky-iOSTests.a */; };
		5020B7ACB6095CC52CFF466E /* Pods_Sparky_iOS.framework in Frameworks */ = {isa = PBXBuildFile; fileRef = 9E4308F97AA07FA5FE7D0A93 /* Pods_Sparky_iOS.framework */; };
		560BF31D28D0DAB300438463 /* UITextField+.swift in Sources */ = {isa = PBXBuildFile; fileRef = 560BF31C28D0DAB300438463 /* UITextField+.swift */; };
		560BF32128D0E6AE00438463 /* HomeVC.swift in Sources */ = {isa = PBXBuildFile; fileRef = 560BF32028D0E6AE00438463 /* HomeVC.swift */; };
		560BF33028D0ECF200438463 /* Sparky.appex in Embed App Extensions */ = {isa = PBXBuildFile; fileRef = 560BF32628D0ECF200438463 /* Sparky.appex */; settings = {ATTRIBUTES = (RemoveHeadersOnCopy, ); }; };
		5616C54728DB739500BF7126 /* CustomShareVC.swift in Sources */ = {isa = PBXBuildFile; fileRef = 5616C54228DB730200BF7126 /* CustomShareVC.swift */; };
		5616C54828DB739800BF7126 /* CustomShareNC.swift in Sources */ = {isa = PBXBuildFile; fileRef = 5616C54328DB730200BF7126 /* CustomShareNC.swift */; };
		5637DD3728E0290E00C119F6 /* Color+.swift in Sources */ = {isa = PBXBuildFile; fileRef = 5637DD3628E0290E00C119F6 /* Color+.swift */; };
		5637DD3928E0291D00C119F6 /* Image+.swift in Sources */ = {isa = PBXBuildFile; fileRef = 5637DD3828E0291D00C119F6 /* Image+.swift */; };
		5637DD3B28E0293000C119F6 /* Font+.swift in Sources */ = {isa = PBXBuildFile; fileRef = 5637DD3A28E0293000C119F6 /* Font+.swift */; };
		564938F328E8AFE800861D26 /* UserService.swift in Sources */ = {isa = PBXBuildFile; fileRef = 564938F228E8AFE800861D26 /* UserService.swift */; };
		564938F728E8B55200861D26 /* EmailSignIn.swift in Sources */ = {isa = PBXBuildFile; fileRef = 564938F628E8B55200861D26 /* EmailSignIn.swift */; };
		564938F928E8B55E00861D26 /* EmailSignInRequest.swift in Sources */ = {isa = PBXBuildFile; fileRef = 564938F828E8B55E00861D26 /* EmailSignInRequest.swift */; };
		564938FB28E8B56B00861D26 /* EmailSignInResponse.swift in Sources */ = {isa = PBXBuildFile; fileRef = 564938FA28E8B56B00861D26 /* EmailSignInResponse.swift */; };
		564938FE28E8BAE100861D26 /* HTTPUtils.swift in Sources */ = {isa = PBXBuildFile; fileRef = 564938FD28E8BAE100861D26 /* HTTPUtils.swift */; };
		5693C1F628CE2CDC008710FF /* AppDelegate.swift in Sources */ = {isa = PBXBuildFile; fileRef = 5693C1F528CE2CDC008710FF /* AppDelegate.swift */; };
		5693C1F828CE2CDC008710FF /* SceneDelegate.swift in Sources */ = {isa = PBXBuildFile; fileRef = 5693C1F728CE2CDC008710FF /* SceneDelegate.swift */; };
		5693C1FA28CE2CDC008710FF /* SigninVC.swift in Sources */ = {isa = PBXBuildFile; fileRef = 5693C1F928CE2CDC008710FF /* SigninVC.swift */; };
		5693C1FF28CE2CDE008710FF /* Assets.xcassets in Resources */ = {isa = PBXBuildFile; fileRef = 5693C1FE28CE2CDE008710FF /* Assets.xcassets */; };
		5693C20228CE2CDE008710FF /* LaunchScreen.storyboard in Resources */ = {isa = PBXBuildFile; fileRef = 5693C20028CE2CDE008710FF /* LaunchScreen.storyboard */; };
		5693C20D28CE2CDE008710FF /* Sparky_iOSTests.swift in Sources */ = {isa = PBXBuildFile; fileRef = 5693C20C28CE2CDE008710FF /* Sparky_iOSTests.swift */; };
		5693C21728CE2CDE008710FF /* Sparky_iOSUITests.swift in Sources */ = {isa = PBXBuildFile; fileRef = 5693C21628CE2CDE008710FF /* Sparky_iOSUITests.swift */; };
		5693C21928CE2CDE008710FF /* Sparky_iOSUITestsLaunchTests.swift in Sources */ = {isa = PBXBuildFile; fileRef = 5693C21828CE2CDE008710FF /* Sparky_iOSUITestsLaunchTests.swift */; };
		56A6FAF328E4BB4B009EA038 /* SignUpVC2.swift in Sources */ = {isa = PBXBuildFile; fileRef = 56A6FAF228E4BB4B009EA038 /* SignUpVC2.swift */; };
		56C7B20328E93D9800D638D2 /* UserServiceAPI.swift in Sources */ = {isa = PBXBuildFile; fileRef = 56C7B20228E93D9800D638D2 /* UserServiceAPI.swift */; };
		56C7B20528E9463600D638D2 /* UserServiceProvider.swift in Sources */ = {isa = PBXBuildFile; fileRef = 56C7B20428E9463600D638D2 /* UserServiceProvider.swift */; };
		56C7B20728E9687600D638D2 /* EmailSignInViewModel.swift in Sources */ = {isa = PBXBuildFile; fileRef = 56C7B20628E9687600D638D2 /* EmailSignInViewModel.swift */; };
		56C7B20928E9710400D638D2 /* EmailSignInView.swift in Sources */ = {isa = PBXBuildFile; fileRef = 56C7B20828E9710400D638D2 /* EmailSignInView.swift */; };
		56DE426528E1F9ED000A6A55 /* SignUpVC1.swift in Sources */ = {isa = PBXBuildFile; fileRef = 56DE426428E1F9ED000A6A55 /* SignUpVC1.swift */; };
		56DE426728E20E91000A6A55 /* SignUpVC3.swift in Sources */ = {isa = PBXBuildFile; fileRef = 56DE426628E20E91000A6A55 /* SignUpVC3.swift */; };
		56DE426928E20E9A000A6A55 /* SignUpVC4.swift in Sources */ = {isa = PBXBuildFile; fileRef = 56DE426828E20E9A000A6A55 /* SignUpVC4.swift */; };
		56DE426B28E21547000A6A55 /* UINavigationBar+.swift in Sources */ = {isa = PBXBuildFile; fileRef = 56DE426A28E21547000A6A55 /* UINavigationBar+.swift */; };
		8CA6CE6A2F65120956A03A39 /* libPods-Sparky-iOSUITests.a in Frameworks */ = {isa = PBXBuildFile; fileRef = CEAAB057C9F536E9D4C024CC /* libPods-Sparky-iOSUITests.a */; };
		F7795F1AFFF4E2ED69288437 /* Pods_Sparky.framework in Frameworks */ = {isa = PBXBuildFile; fileRef = 5164E3FCF0C517A15A961ACA /* Pods_Sparky.framework */; };
/* End PBXBuildFile section */

/* Begin PBXContainerItemProxy section */
		560BF32E28D0ECF200438463 /* PBXContainerItemProxy */ = {
			isa = PBXContainerItemProxy;
			containerPortal = 5693C1EA28CE2CDC008710FF /* Project object */;
			proxyType = 1;
			remoteGlobalIDString = 560BF32528D0ECF200438463;
			remoteInfo = Sparky;
		};
		5693C20928CE2CDE008710FF /* PBXContainerItemProxy */ = {
			isa = PBXContainerItemProxy;
			containerPortal = 5693C1EA28CE2CDC008710FF /* Project object */;
			proxyType = 1;
			remoteGlobalIDString = 5693C1F128CE2CDC008710FF;
			remoteInfo = "Sparky-iOS";
		};
		5693C21328CE2CDE008710FF /* PBXContainerItemProxy */ = {
			isa = PBXContainerItemProxy;
			containerPortal = 5693C1EA28CE2CDC008710FF /* Project object */;
			proxyType = 1;
			remoteGlobalIDString = 5693C1F128CE2CDC008710FF;
			remoteInfo = "Sparky-iOS";
		};
/* End PBXContainerItemProxy section */

/* Begin PBXCopyFilesBuildPhase section */
		560BF33128D0ECF200438463 /* Embed App Extensions */ = {
			isa = PBXCopyFilesBuildPhase;
			buildActionMask = 2147483647;
			dstPath = "";
			dstSubfolderSpec = 13;
			files = (
				560BF33028D0ECF200438463 /* Sparky.appex in Embed App Extensions */,
			);
			name = "Embed App Extensions";
			runOnlyForDeploymentPostprocessing = 0;
		};
/* End PBXCopyFilesBuildPhase section */

/* Begin PBXFileReference section */
		351D34C2E32DDD7AB60456AA /* Pods-Sparky.release.xcconfig */ = {isa = PBXFileReference; includeInIndex = 1; lastKnownFileType = text.xcconfig; name = "Pods-Sparky.release.xcconfig"; path = "Target Support Files/Pods-Sparky/Pods-Sparky.release.xcconfig"; sourceTree = "<group>"; };
		4FCBEDAB311ABD78662B0CE0 /* Pods-Sparky-iOSUITests.release.xcconfig */ = {isa = PBXFileReference; includeInIndex = 1; lastKnownFileType = text.xcconfig; name = "Pods-Sparky-iOSUITests.release.xcconfig"; path = "Target Support Files/Pods-Sparky-iOSUITests/Pods-Sparky-iOSUITests.release.xcconfig"; sourceTree = "<group>"; };
		5164E3FCF0C517A15A961ACA /* Pods_Sparky.framework */ = {isa = PBXFileReference; explicitFileType = wrapper.framework; includeInIndex = 0; path = Pods_Sparky.framework; sourceTree = BUILT_PRODUCTS_DIR; };
		560BF31C28D0DAB300438463 /* UITextField+.swift */ = {isa = PBXFileReference; lastKnownFileType = sourcecode.swift; path = "UITextField+.swift"; sourceTree = "<group>"; };
		560BF32028D0E6AE00438463 /* HomeVC.swift */ = {isa = PBXFileReference; lastKnownFileType = sourcecode.swift; path = HomeVC.swift; sourceTree = "<group>"; };
		560BF32628D0ECF200438463 /* Sparky.appex */ = {isa = PBXFileReference; explicitFileType = "wrapper.app-extension"; includeInIndex = 0; path = Sparky.appex; sourceTree = BUILT_PRODUCTS_DIR; };
		560BF32D28D0ECF200438463 /* Info.plist */ = {isa = PBXFileReference; lastKnownFileType = text.plist.xml; path = Info.plist; sourceTree = "<group>"; };
		5616C54228DB730200BF7126 /* CustomShareVC.swift */ = {isa = PBXFileReference; fileEncoding = 4; lastKnownFileType = sourcecode.swift; path = CustomShareVC.swift; sourceTree = "<group>"; };
		5616C54328DB730200BF7126 /* CustomShareNC.swift */ = {isa = PBXFileReference; fileEncoding = 4; lastKnownFileType = sourcecode.swift; path = CustomShareNC.swift; sourceTree = "<group>"; };
		5637DD3628E0290E00C119F6 /* Color+.swift */ = {isa = PBXFileReference; lastKnownFileType = sourcecode.swift; path = "Color+.swift"; sourceTree = "<group>"; };
		5637DD3828E0291D00C119F6 /* Image+.swift */ = {isa = PBXFileReference; lastKnownFileType = sourcecode.swift; path = "Image+.swift"; sourceTree = "<group>"; };
		5637DD3A28E0293000C119F6 /* Font+.swift */ = {isa = PBXFileReference; lastKnownFileType = sourcecode.swift; path = "Font+.swift"; sourceTree = "<group>"; };
		564938F228E8AFE800861D26 /* UserService.swift */ = {isa = PBXFileReference; lastKnownFileType = sourcecode.swift; path = UserService.swift; sourceTree = "<group>"; };
		564938F628E8B55200861D26 /* EmailSignIn.swift */ = {isa = PBXFileReference; lastKnownFileType = sourcecode.swift; path = EmailSignIn.swift; sourceTree = "<group>"; };
		564938F828E8B55E00861D26 /* EmailSignInRequest.swift */ = {isa = PBXFileReference; lastKnownFileType = sourcecode.swift; path = EmailSignInRequest.swift; sourceTree = "<group>"; };
		564938FA28E8B56B00861D26 /* EmailSignInResponse.swift */ = {isa = PBXFileReference; lastKnownFileType = sourcecode.swift; path = EmailSignInResponse.swift; sourceTree = "<group>"; };
		564938FD28E8BAE100861D26 /* HTTPUtils.swift */ = {isa = PBXFileReference; lastKnownFileType = sourcecode.swift; path = HTTPUtils.swift; sourceTree = "<group>"; };
		5693C1F228CE2CDC008710FF /* Sparky-iOS.app */ = {isa = PBXFileReference; explicitFileType = wrapper.application; includeInIndex = 0; path = "Sparky-iOS.app"; sourceTree = BUILT_PRODUCTS_DIR; };
		5693C1F528CE2CDC008710FF /* AppDelegate.swift */ = {isa = PBXFileReference; lastKnownFileType = sourcecode.swift; path = AppDelegate.swift; sourceTree = "<group>"; };
		5693C1F728CE2CDC008710FF /* SceneDelegate.swift */ = {isa = PBXFileReference; lastKnownFileType = sourcecode.swift; path = SceneDelegate.swift; sourceTree = "<group>"; };
		5693C1F928CE2CDC008710FF /* SigninVC.swift */ = {isa = PBXFileReference; lastKnownFileType = sourcecode.swift; path = SigninVC.swift; sourceTree = "<group>"; };
		5693C1FE28CE2CDE008710FF /* Assets.xcassets */ = {isa = PBXFileReference; lastKnownFileType = folder.assetcatalog; path = Assets.xcassets; sourceTree = "<group>"; };
		5693C20128CE2CDE008710FF /* Base */ = {isa = PBXFileReference; lastKnownFileType = file.storyboard; name = Base; path = Base.lproj/LaunchScreen.storyboard; sourceTree = "<group>"; };
		5693C20328CE2CDE008710FF /* Info.plist */ = {isa = PBXFileReference; lastKnownFileType = text.plist.xml; path = Info.plist; sourceTree = "<group>"; };
		5693C20828CE2CDE008710FF /* Sparky-iOSTests.xctest */ = {isa = PBXFileReference; explicitFileType = wrapper.cfbundle; includeInIndex = 0; path = "Sparky-iOSTests.xctest"; sourceTree = BUILT_PRODUCTS_DIR; };
		5693C20C28CE2CDE008710FF /* Sparky_iOSTests.swift */ = {isa = PBXFileReference; lastKnownFileType = sourcecode.swift; path = Sparky_iOSTests.swift; sourceTree = "<group>"; };
		5693C21228CE2CDE008710FF /* Sparky-iOSUITests.xctest */ = {isa = PBXFileReference; explicitFileType = wrapper.cfbundle; includeInIndex = 0; path = "Sparky-iOSUITests.xctest"; sourceTree = BUILT_PRODUCTS_DIR; };
		5693C21628CE2CDE008710FF /* Sparky_iOSUITests.swift */ = {isa = PBXFileReference; lastKnownFileType = sourcecode.swift; path = Sparky_iOSUITests.swift; sourceTree = "<group>"; };
		5693C21828CE2CDE008710FF /* Sparky_iOSUITestsLaunchTests.swift */ = {isa = PBXFileReference; lastKnownFileType = sourcecode.swift; path = Sparky_iOSUITestsLaunchTests.swift; sourceTree = "<group>"; };
		56A6FAF228E4BB4B009EA038 /* SignUpVC2.swift */ = {isa = PBXFileReference; lastKnownFileType = sourcecode.swift; path = SignUpVC2.swift; sourceTree = "<group>"; };
		56C7B20228E93D9800D638D2 /* UserServiceAPI.swift */ = {isa = PBXFileReference; lastKnownFileType = sourcecode.swift; path = UserServiceAPI.swift; sourceTree = "<group>"; };
		56C7B20428E9463600D638D2 /* UserServiceProvider.swift */ = {isa = PBXFileReference; lastKnownFileType = sourcecode.swift; path = UserServiceProvider.swift; sourceTree = "<group>"; };
		56C7B20628E9687600D638D2 /* EmailSignInViewModel.swift */ = {isa = PBXFileReference; lastKnownFileType = sourcecode.swift; path = EmailSignInViewModel.swift; sourceTree = "<group>"; };
		56C7B20828E9710400D638D2 /* EmailSignInView.swift */ = {isa = PBXFileReference; lastKnownFileType = sourcecode.swift; path = EmailSignInView.swift; sourceTree = "<group>"; };
		56DE426428E1F9ED000A6A55 /* SignUpVC1.swift */ = {isa = PBXFileReference; lastKnownFileType = sourcecode.swift; path = SignUpVC1.swift; sourceTree = "<group>"; };
		56DE426628E20E91000A6A55 /* SignUpVC3.swift */ = {isa = PBXFileReference; lastKnownFileType = sourcecode.swift; path = SignUpVC3.swift; sourceTree = "<group>"; };
		56DE426828E20E9A000A6A55 /* SignUpVC4.swift */ = {isa = PBXFileReference; lastKnownFileType = sourcecode.swift; path = SignUpVC4.swift; sourceTree = "<group>"; };
		56DE426A28E21547000A6A55 /* UINavigationBar+.swift */ = {isa = PBXFileReference; lastKnownFileType = sourcecode.swift; path = "UINavigationBar+.swift"; sourceTree = "<group>"; };
		6550F62BB6E71748B5800554 /* Pods-Sparky-iOSUITests.debug.xcconfig */ = {isa = PBXFileReference; includeInIndex = 1; lastKnownFileType = text.xcconfig; name = "Pods-Sparky-iOSUITests.debug.xcconfig"; path = "Target Support Files/Pods-Sparky-iOSUITests/Pods-Sparky-iOSUITests.debug.xcconfig"; sourceTree = "<group>"; };
		7EDC69995EB1F1F705405925 /* Pods-Sparky-iOS.release.xcconfig */ = {isa = PBXFileReference; includeInIndex = 1; lastKnownFileType = text.xcconfig; name = "Pods-Sparky-iOS.release.xcconfig"; path = "Target Support Files/Pods-Sparky-iOS/Pods-Sparky-iOS.release.xcconfig"; sourceTree = "<group>"; };
		8200BBFF1CA0F48908F3D1CB /* Pods-Sparky-iOSTests.debug.xcconfig */ = {isa = PBXFileReference; includeInIndex = 1; lastKnownFileType = text.xcconfig; name = "Pods-Sparky-iOSTests.debug.xcconfig"; path = "Target Support Files/Pods-Sparky-iOSTests/Pods-Sparky-iOSTests.debug.xcconfig"; sourceTree = "<group>"; };
		9E4308F97AA07FA5FE7D0A93 /* Pods_Sparky_iOS.framework */ = {isa = PBXFileReference; explicitFileType = wrapper.framework; includeInIndex = 0; path = Pods_Sparky_iOS.framework; sourceTree = BUILT_PRODUCTS_DIR; };
		ACA5E45A992BA1FF757AE604 /* Pods-Sparky.debug.xcconfig */ = {isa = PBXFileReference; includeInIndex = 1; lastKnownFileType = text.xcconfig; name = "Pods-Sparky.debug.xcconfig"; path = "Target Support Files/Pods-Sparky/Pods-Sparky.debug.xcconfig"; sourceTree = "<group>"; };
		ADB30AB01C3CD5ECF2F391C5 /* Pods-Sparky-iOS.debug.xcconfig */ = {isa = PBXFileReference; includeInIndex = 1; lastKnownFileType = text.xcconfig; name = "Pods-Sparky-iOS.debug.xcconfig"; path = "Target Support Files/Pods-Sparky-iOS/Pods-Sparky-iOS.debug.xcconfig"; sourceTree = "<group>"; };
		BF515E27213CE4092188B3BE /* Pods-Sparky-iOSTests.release.xcconfig */ = {isa = PBXFileReference; includeInIndex = 1; lastKnownFileType = text.xcconfig; name = "Pods-Sparky-iOSTests.release.xcconfig"; path = "Target Support Files/Pods-Sparky-iOSTests/Pods-Sparky-iOSTests.release.xcconfig"; sourceTree = "<group>"; };
		CEAAB057C9F536E9D4C024CC /* libPods-Sparky-iOSUITests.a */ = {isa = PBXFileReference; explicitFileType = archive.ar; includeInIndex = 0; path = "libPods-Sparky-iOSUITests.a"; sourceTree = BUILT_PRODUCTS_DIR; };
		DAE459B792DE22E4D9BCEFF7 /* libPods-Sparky-iOSTests.a */ = {isa = PBXFileReference; explicitFileType = archive.ar; includeInIndex = 0; path = "libPods-Sparky-iOSTests.a"; sourceTree = BUILT_PRODUCTS_DIR; };
/* End PBXFileReference section */

/* Begin PBXFrameworksBuildPhase section */
		560BF32328D0ECF200438463 /* Frameworks */ = {
			isa = PBXFrameworksBuildPhase;
			buildActionMask = 2147483647;
			files = (
				F7795F1AFFF4E2ED69288437 /* Pods_Sparky.framework in Frameworks */,
			);
			runOnlyForDeploymentPostprocessing = 0;
		};
		5693C1EF28CE2CDC008710FF /* Frameworks */ = {
			isa = PBXFrameworksBuildPhase;
			buildActionMask = 2147483647;
			files = (
				5020B7ACB6095CC52CFF466E /* Pods_Sparky_iOS.framework in Frameworks */,
			);
			runOnlyForDeploymentPostprocessing = 0;
		};
		5693C20528CE2CDE008710FF /* Frameworks */ = {
			isa = PBXFrameworksBuildPhase;
			buildActionMask = 2147483647;
			files = (
				1DD8C3D19540E6F951C59DCB /* libPods-Sparky-iOSTests.a in Frameworks */,
			);
			runOnlyForDeploymentPostprocessing = 0;
		};
		5693C20F28CE2CDE008710FF /* Frameworks */ = {
			isa = PBXFrameworksBuildPhase;
			buildActionMask = 2147483647;
			files = (
				8CA6CE6A2F65120956A03A39 /* libPods-Sparky-iOSUITests.a in Frameworks */,
			);
			runOnlyForDeploymentPostprocessing = 0;
		};
/* End PBXFrameworksBuildPhase section */

/* Begin PBXGroup section */
		066F2B155FEC59800C670AFE /* Pods */ = {
			isa = PBXGroup;
			children = (
				ACA5E45A992BA1FF757AE604 /* Pods-Sparky.debug.xcconfig */,
				351D34C2E32DDD7AB60456AA /* Pods-Sparky.release.xcconfig */,
				ADB30AB01C3CD5ECF2F391C5 /* Pods-Sparky-iOS.debug.xcconfig */,
				7EDC69995EB1F1F705405925 /* Pods-Sparky-iOS.release.xcconfig */,
				8200BBFF1CA0F48908F3D1CB /* Pods-Sparky-iOSTests.debug.xcconfig */,
				BF515E27213CE4092188B3BE /* Pods-Sparky-iOSTests.release.xcconfig */,
				6550F62BB6E71748B5800554 /* Pods-Sparky-iOSUITests.debug.xcconfig */,
				4FCBEDAB311ABD78662B0CE0 /* Pods-Sparky-iOSUITests.release.xcconfig */,
			);
			path = Pods;
			sourceTree = "<group>";
		};
		2CEB4387054DA6F9BB188A24 /* Frameworks */ = {
			isa = PBXGroup;
			children = (
				5164E3FCF0C517A15A961ACA /* Pods_Sparky.framework */,
				9E4308F97AA07FA5FE7D0A93 /* Pods_Sparky_iOS.framework */,
				DAE459B792DE22E4D9BCEFF7 /* libPods-Sparky-iOSTests.a */,
				CEAAB057C9F536E9D4C024CC /* libPods-Sparky-iOSUITests.a */,
			);
			name = Frameworks;
			sourceTree = "<group>";
		};
		560BF31928D0D06700438463 /* SupprotingFiles */ = {
			isa = PBXGroup;
			children = (
				5693C1FE28CE2CDE008710FF /* Assets.xcassets */,
				5693C20028CE2CDE008710FF /* LaunchScreen.storyboard */,
				5693C20328CE2CDE008710FF /* Info.plist */,
			);
			path = SupprotingFiles;
			sourceTree = "<group>";
		};
		560BF31A28D0D0F400438463 /* Scenes */ = {
			isa = PBXGroup;
			children = (
				56DE426328E1F865000A6A55 /* SignUp */,
				560BF31F28D0E66400438463 /* Home */,
				560BF31E28D0E65900438463 /* Signin */,
			);
			path = Scenes;
			sourceTree = "<group>";
		};
		560BF31B28D0DA9B00438463 /* Extension */ = {
			isa = PBXGroup;
			children = (
				560BF31C28D0DAB300438463 /* UITextField+.swift */,
				5637DD3628E0290E00C119F6 /* Color+.swift */,
				5637DD3828E0291D00C119F6 /* Image+.swift */,
				5637DD3A28E0293000C119F6 /* Font+.swift */,
				56DE426A28E21547000A6A55 /* UINavigationBar+.swift */,
			);
			path = Extension;
			sourceTree = "<group>";
		};
		560BF31E28D0E65900438463 /* Signin */ = {
			isa = PBXGroup;
			children = (
				5693C1F928CE2CDC008710FF /* SigninVC.swift */,
				56C7B20628E9687600D638D2 /* EmailSignInViewModel.swift */,
				56C7B20828E9710400D638D2 /* EmailSignInView.swift */,
			);
			path = Signin;
			sourceTree = "<group>";
		};
		560BF31F28D0E66400438463 /* Home */ = {
			isa = PBXGroup;
			children = (
				560BF32028D0E6AE00438463 /* HomeVC.swift */,
			);
			path = Home;
			sourceTree = "<group>";
		};
		560BF32728D0ECF200438463 /* Sparky */ = {
			isa = PBXGroup;
			children = (
				560BF32D28D0ECF200438463 /* Info.plist */,
			);
			path = Sparky;
			sourceTree = "<group>";
		};
		5616C53F28DB730200BF7126 /* Custom */ = {
			isa = PBXGroup;
			children = (
				5616C54028DB730200BF7126 /* Shareing */,
			);
			path = Custom;
			sourceTree = "<group>";
		};
		5616C54028DB730200BF7126 /* Shareing */ = {
			isa = PBXGroup;
			children = (
				5616C54228DB730200BF7126 /* CustomShareVC.swift */,
				5616C54328DB730200BF7126 /* CustomShareNC.swift */,
			);
			path = Shareing;
			sourceTree = "<group>";
		};
		564938F128E8985B00861D26 /* Service */ = {
			isa = PBXGroup;
			children = (
				564938F228E8AFE800861D26 /* UserService.swift */,
				56C7B20228E93D9800D638D2 /* UserServiceAPI.swift */,
				56C7B20428E9463600D638D2 /* UserServiceProvider.swift */,
			);
			path = Service;
			sourceTree = "<group>";
		};
		564938F428E8B3E800861D26 /* Model */ = {
			isa = PBXGroup;
			children = (
				564938F628E8B55200861D26 /* EmailSignIn.swift */,
				564938F828E8B55E00861D26 /* EmailSignInRequest.swift */,
				564938FA28E8B56B00861D26 /* EmailSignInResponse.swift */,
			);
			path = Model;
			sourceTree = "<group>";
		};
		564938FC28E8BA2E00861D26 /* Utils */ = {
			isa = PBXGroup;
			children = (
				564938FD28E8BAE100861D26 /* HTTPUtils.swift */,
			);
			path = Utils;
			sourceTree = "<group>";
		};
		5693C1E928CE2CDC008710FF = {
			isa = PBXGroup;
			children = (
				5693C1F428CE2CDC008710FF /* Sparky-iOS */,
				5693C20B28CE2CDE008710FF /* Sparky-iOSTests */,
				5693C21528CE2CDE008710FF /* Sparky-iOSUITests */,
				560BF32728D0ECF200438463 /* Sparky */,
				5693C1F328CE2CDC008710FF /* Products */,
				066F2B155FEC59800C670AFE /* Pods */,
				2CEB4387054DA6F9BB188A24 /* Frameworks */,
			);
			sourceTree = "<group>";
		};
		5693C1F328CE2CDC008710FF /* Products */ = {
			isa = PBXGroup;
			children = (
				5693C1F228CE2CDC008710FF /* Sparky-iOS.app */,
				5693C20828CE2CDE008710FF /* Sparky-iOSTests.xctest */,
				5693C21228CE2CDE008710FF /* Sparky-iOSUITests.xctest */,
				560BF32628D0ECF200438463 /* Sparky.appex */,
			);
			name = Products;
			sourceTree = "<group>";
		};
		5693C1F428CE2CDC008710FF /* Sparky-iOS */ = {
			isa = PBXGroup;
			children = (
				564938FC28E8BA2E00861D26 /* Utils */,
				564938F428E8B3E800861D26 /* Model */,
				564938F128E8985B00861D26 /* Service */,
				5616C53F28DB730200BF7126 /* Custom */,
				560BF31B28D0DA9B00438463 /* Extension */,
				560BF31A28D0D0F400438463 /* Scenes */,
				5693C1F528CE2CDC008710FF /* AppDelegate.swift */,
				5693C1F728CE2CDC008710FF /* SceneDelegate.swift */,
				560BF31928D0D06700438463 /* SupprotingFiles */,
			);
			path = "Sparky-iOS";
			sourceTree = "<group>";
		};
		5693C20B28CE2CDE008710FF /* Sparky-iOSTests */ = {
			isa = PBXGroup;
			children = (
				5693C20C28CE2CDE008710FF /* Sparky_iOSTests.swift */,
			);
			path = "Sparky-iOSTests";
			sourceTree = "<group>";
		};
		5693C21528CE2CDE008710FF /* Sparky-iOSUITests */ = {
			isa = PBXGroup;
			children = (
				5693C21628CE2CDE008710FF /* Sparky_iOSUITests.swift */,
				5693C21828CE2CDE008710FF /* Sparky_iOSUITestsLaunchTests.swift */,
			);
			path = "Sparky-iOSUITests";
			sourceTree = "<group>";
		};
		56DE426328E1F865000A6A55 /* SignUp */ = {
			isa = PBXGroup;
			children = (
				56DE426428E1F9ED000A6A55 /* SignUpVC1.swift */,
				56A6FAF228E4BB4B009EA038 /* SignUpVC2.swift */,
				56DE426628E20E91000A6A55 /* SignUpVC3.swift */,
				56DE426828E20E9A000A6A55 /* SignUpVC4.swift */,
			);
			path = SignUp;
			sourceTree = "<group>";
		};
/* End PBXGroup section */

/* Begin PBXNativeTarget section */
		560BF32528D0ECF200438463 /* Sparky */ = {
			isa = PBXNativeTarget;
			buildConfigurationList = 560BF33428D0ECF200438463 /* Build configuration list for PBXNativeTarget "Sparky" */;
			buildPhases = (
				402739A478DC32BF2EC03654 /* [CP] Check Pods Manifest.lock */,
				560BF32228D0ECF200438463 /* Sources */,
				560BF32328D0ECF200438463 /* Frameworks */,
				560BF32428D0ECF200438463 /* Resources */,
			);
			buildRules = (
			);
			dependencies = (
			);
			name = Sparky;
			productName = Sparky;
			productReference = 560BF32628D0ECF200438463 /* Sparky.appex */;
			productType = "com.apple.product-type.app-extension";
		};
		5693C1F128CE2CDC008710FF /* Sparky-iOS */ = {
			isa = PBXNativeTarget;
			buildConfigurationList = 5693C21C28CE2CDE008710FF /* Build configuration list for PBXNativeTarget "Sparky-iOS" */;
			buildPhases = (
				737EFFDCE2411EF71B424AF9 /* [CP] Check Pods Manifest.lock */,
				5693C1EE28CE2CDC008710FF /* Sources */,
				5693C1EF28CE2CDC008710FF /* Frameworks */,
				5693C1F028CE2CDC008710FF /* Resources */,
				560BF33128D0ECF200438463 /* Embed App Extensions */,
				46F850538E312FD7DD19660A /* [CP] Embed Pods Frameworks */,
			);
			buildRules = (
			);
			dependencies = (
				560BF32F28D0ECF200438463 /* PBXTargetDependency */,
			);
			name = "Sparky-iOS";
			productName = "Sparky-iOS";
			productReference = 5693C1F228CE2CDC008710FF /* Sparky-iOS.app */;
			productType = "com.apple.product-type.application";
		};
		5693C20728CE2CDE008710FF /* Sparky-iOSTests */ = {
			isa = PBXNativeTarget;
			buildConfigurationList = 5693C21F28CE2CDE008710FF /* Build configuration list for PBXNativeTarget "Sparky-iOSTests" */;
			buildPhases = (
				9BE59A3C7031F42542D639CB /* [CP] Check Pods Manifest.lock */,
				5693C20428CE2CDE008710FF /* Sources */,
				5693C20528CE2CDE008710FF /* Frameworks */,
				5693C20628CE2CDE008710FF /* Resources */,
			);
			buildRules = (
			);
			dependencies = (
				5693C20A28CE2CDE008710FF /* PBXTargetDependency */,
			);
			name = "Sparky-iOSTests";
			productName = "Sparky-iOSTests";
			productReference = 5693C20828CE2CDE008710FF /* Sparky-iOSTests.xctest */;
			productType = "com.apple.product-type.bundle.unit-test";
		};
		5693C21128CE2CDE008710FF /* Sparky-iOSUITests */ = {
			isa = PBXNativeTarget;
			buildConfigurationList = 5693C22228CE2CDE008710FF /* Build configuration list for PBXNativeTarget "Sparky-iOSUITests" */;
			buildPhases = (
				F2F5CD496C4FBB84DCE674C1 /* [CP] Check Pods Manifest.lock */,
				5693C20E28CE2CDE008710FF /* Sources */,
				5693C20F28CE2CDE008710FF /* Frameworks */,
				5693C21028CE2CDE008710FF /* Resources */,
			);
			buildRules = (
			);
			dependencies = (
				5693C21428CE2CDE008710FF /* PBXTargetDependency */,
			);
			name = "Sparky-iOSUITests";
			productName = "Sparky-iOSUITests";
			productReference = 5693C21228CE2CDE008710FF /* Sparky-iOSUITests.xctest */;
			productType = "com.apple.product-type.bundle.ui-testing";
		};
/* End PBXNativeTarget section */

/* Begin PBXProject section */
		5693C1EA28CE2CDC008710FF /* Project object */ = {
			isa = PBXProject;
			attributes = {
				BuildIndependentTargetsInParallel = 1;
				LastSwiftUpdateCheck = 1330;
				LastUpgradeCheck = 1330;
				TargetAttributes = {
					560BF32528D0ECF200438463 = {
						CreatedOnToolsVersion = 13.3.1;
					};
					5693C1F128CE2CDC008710FF = {
						CreatedOnToolsVersion = 13.3.1;
					};
					5693C20728CE2CDE008710FF = {
						CreatedOnToolsVersion = 13.3.1;
						TestTargetID = 5693C1F128CE2CDC008710FF;
					};
					5693C21128CE2CDE008710FF = {
						CreatedOnToolsVersion = 13.3.1;
						TestTargetID = 5693C1F128CE2CDC008710FF;
					};
				};
			};
			buildConfigurationList = 5693C1ED28CE2CDC008710FF /* Build configuration list for PBXProject "Sparky-iOS" */;
			compatibilityVersion = "Xcode 13.0";
			developmentRegion = en;
			hasScannedForEncodings = 0;
			knownRegions = (
				en,
				Base,
			);
			mainGroup = 5693C1E928CE2CDC008710FF;
			productRefGroup = 5693C1F328CE2CDC008710FF /* Products */;
			projectDirPath = "";
			projectRoot = "";
			targets = (
				5693C1F128CE2CDC008710FF /* Sparky-iOS */,
				5693C20728CE2CDE008710FF /* Sparky-iOSTests */,
				5693C21128CE2CDE008710FF /* Sparky-iOSUITests */,
				560BF32528D0ECF200438463 /* Sparky */,
			);
		};
/* End PBXProject section */

/* Begin PBXResourcesBuildPhase section */
		560BF32428D0ECF200438463 /* Resources */ = {
			isa = PBXResourcesBuildPhase;
			buildActionMask = 2147483647;
			files = (
			);
			runOnlyForDeploymentPostprocessing = 0;
		};
		5693C1F028CE2CDC008710FF /* Resources */ = {
			isa = PBXResourcesBuildPhase;
			buildActionMask = 2147483647;
			files = (
				5693C20228CE2CDE008710FF /* LaunchScreen.storyboard in Resources */,
				5693C1FF28CE2CDE008710FF /* Assets.xcassets in Resources */,
			);
			runOnlyForDeploymentPostprocessing = 0;
		};
		5693C20628CE2CDE008710FF /* Resources */ = {
			isa = PBXResourcesBuildPhase;
			buildActionMask = 2147483647;
			files = (
			);
			runOnlyForDeploymentPostprocessing = 0;
		};
		5693C21028CE2CDE008710FF /* Resources */ = {
			isa = PBXResourcesBuildPhase;
			buildActionMask = 2147483647;
			files = (
			);
			runOnlyForDeploymentPostprocessing = 0;
		};
/* End PBXResourcesBuildPhase section */

/* Begin PBXShellScriptBuildPhase section */
		402739A478DC32BF2EC03654 /* [CP] Check Pods Manifest.lock */ = {
			isa = PBXShellScriptBuildPhase;
			buildActionMask = 2147483647;
			files = (
			);
			inputFileListPaths = (
			);
			inputPaths = (
				"${PODS_PODFILE_DIR_PATH}/Podfile.lock",
				"${PODS_ROOT}/Manifest.lock",
			);
			name = "[CP] Check Pods Manifest.lock";
			outputFileListPaths = (
			);
			outputPaths = (
				"$(DERIVED_FILE_DIR)/Pods-Sparky-checkManifestLockResult.txt",
			);
			runOnlyForDeploymentPostprocessing = 0;
			shellPath = /bin/sh;
			shellScript = "diff \"${PODS_PODFILE_DIR_PATH}/Podfile.lock\" \"${PODS_ROOT}/Manifest.lock\" > /dev/null\nif [ $? != 0 ] ; then\n    # print error to STDERR\n    echo \"error: The sandbox is not in sync with the Podfile.lock. Run 'pod install' or update your CocoaPods installation.\" >&2\n    exit 1\nfi\n# This output is used by Xcode 'outputs' to avoid re-running this script phase.\necho \"SUCCESS\" > \"${SCRIPT_OUTPUT_FILE_0}\"\n";
			showEnvVarsInLog = 0;
		};
		46F850538E312FD7DD19660A /* [CP] Embed Pods Frameworks */ = {
			isa = PBXShellScriptBuildPhase;
			buildActionMask = 2147483647;
			files = (
			);
			inputFileListPaths = (
				"${PODS_ROOT}/Target Support Files/Pods-Sparky-iOS/Pods-Sparky-iOS-frameworks-${CONFIGURATION}-input-files.xcfilelist",
			);
			name = "[CP] Embed Pods Frameworks";
			outputFileListPaths = (
				"${PODS_ROOT}/Target Support Files/Pods-Sparky-iOS/Pods-Sparky-iOS-frameworks-${CONFIGURATION}-output-files.xcfilelist",
			);
			runOnlyForDeploymentPostprocessing = 0;
			shellPath = /bin/sh;
			shellScript = "\"${PODS_ROOT}/Target Support Files/Pods-Sparky-iOS/Pods-Sparky-iOS-frameworks.sh\"\n";
			showEnvVarsInLog = 0;
		};
		737EFFDCE2411EF71B424AF9 /* [CP] Check Pods Manifest.lock */ = {
			isa = PBXShellScriptBuildPhase;
			buildActionMask = 2147483647;
			files = (
			);
			inputFileListPaths = (
			);
			inputPaths = (
				"${PODS_PODFILE_DIR_PATH}/Podfile.lock",
				"${PODS_ROOT}/Manifest.lock",
			);
			name = "[CP] Check Pods Manifest.lock";
			outputFileListPaths = (
			);
			outputPaths = (
				"$(DERIVED_FILE_DIR)/Pods-Sparky-iOS-checkManifestLockResult.txt",
			);
			runOnlyForDeploymentPostprocessing = 0;
			shellPath = /bin/sh;
			shellScript = "diff \"${PODS_PODFILE_DIR_PATH}/Podfile.lock\" \"${PODS_ROOT}/Manifest.lock\" > /dev/null\nif [ $? != 0 ] ; then\n    # print error to STDERR\n    echo \"error: The sandbox is not in sync with the Podfile.lock. Run 'pod install' or update your CocoaPods installation.\" >&2\n    exit 1\nfi\n# This output is used by Xcode 'outputs' to avoid re-running this script phase.\necho \"SUCCESS\" > \"${SCRIPT_OUTPUT_FILE_0}\"\n";
			showEnvVarsInLog = 0;
		};
		9BE59A3C7031F42542D639CB /* [CP] Check Pods Manifest.lock */ = {
			isa = PBXShellScriptBuildPhase;
			buildActionMask = 2147483647;
			files = (
			);
			inputFileListPaths = (
			);
			inputPaths = (
				"${PODS_PODFILE_DIR_PATH}/Podfile.lock",
				"${PODS_ROOT}/Manifest.lock",
			);
			name = "[CP] Check Pods Manifest.lock";
			outputFileListPaths = (
			);
			outputPaths = (
				"$(DERIVED_FILE_DIR)/Pods-Sparky-iOSTests-checkManifestLockResult.txt",
			);
			runOnlyForDeploymentPostprocessing = 0;
			shellPath = /bin/sh;
			shellScript = "diff \"${PODS_PODFILE_DIR_PATH}/Podfile.lock\" \"${PODS_ROOT}/Manifest.lock\" > /dev/null\nif [ $? != 0 ] ; then\n    # print error to STDERR\n    echo \"error: The sandbox is not in sync with the Podfile.lock. Run 'pod install' or update your CocoaPods installation.\" >&2\n    exit 1\nfi\n# This output is used by Xcode 'outputs' to avoid re-running this script phase.\necho \"SUCCESS\" > \"${SCRIPT_OUTPUT_FILE_0}\"\n";
			showEnvVarsInLog = 0;
		};
		F2F5CD496C4FBB84DCE674C1 /* [CP] Check Pods Manifest.lock */ = {
			isa = PBXShellScriptBuildPhase;
			buildActionMask = 2147483647;
			files = (
			);
			inputFileListPaths = (
			);
			inputPaths = (
				"${PODS_PODFILE_DIR_PATH}/Podfile.lock",
				"${PODS_ROOT}/Manifest.lock",
			);
			name = "[CP] Check Pods Manifest.lock";
			outputFileListPaths = (
			);
			outputPaths = (
				"$(DERIVED_FILE_DIR)/Pods-Sparky-iOSUITests-checkManifestLockResult.txt",
			);
			runOnlyForDeploymentPostprocessing = 0;
			shellPath = /bin/sh;
			shellScript = "diff \"${PODS_PODFILE_DIR_PATH}/Podfile.lock\" \"${PODS_ROOT}/Manifest.lock\" > /dev/null\nif [ $? != 0 ] ; then\n    # print error to STDERR\n    echo \"error: The sandbox is not in sync with the Podfile.lock. Run 'pod install' or update your CocoaPods installation.\" >&2\n    exit 1\nfi\n# This output is used by Xcode 'outputs' to avoid re-running this script phase.\necho \"SUCCESS\" > \"${SCRIPT_OUTPUT_FILE_0}\"\n";
			showEnvVarsInLog = 0;
		};
/* End PBXShellScriptBuildPhase section */

/* Begin PBXSourcesBuildPhase section */
		560BF32228D0ECF200438463 /* Sources */ = {
			isa = PBXSourcesBuildPhase;
			buildActionMask = 2147483647;
			files = (
				5616C54728DB739500BF7126 /* CustomShareVC.swift in Sources */,
				5616C54828DB739800BF7126 /* CustomShareNC.swift in Sources */,
			);
			runOnlyForDeploymentPostprocessing = 0;
		};
		5693C1EE28CE2CDC008710FF /* Sources */ = {
			isa = PBXSourcesBuildPhase;
			buildActionMask = 2147483647;
			files = (
				56C7B20328E93D9800D638D2 /* UserServiceAPI.swift in Sources */,
				564938F328E8AFE800861D26 /* UserService.swift in Sources */,
				560BF32128D0E6AE00438463 /* HomeVC.swift in Sources */,
				56C7B20728E9687600D638D2 /* EmailSignInViewModel.swift in Sources */,
				5637DD3728E0290E00C119F6 /* Color+.swift in Sources */,
				56A6FAF328E4BB4B009EA038 /* SignUpVC2.swift in Sources */,
				5693C1FA28CE2CDC008710FF /* SigninVC.swift in Sources */,
				5693C1F628CE2CDC008710FF /* AppDelegate.swift in Sources */,
				5637DD3B28E0293000C119F6 /* Font+.swift in Sources */,
				564938FB28E8B56B00861D26 /* EmailSignInResponse.swift in Sources */,
				56DE426B28E21547000A6A55 /* UINavigationBar+.swift in Sources */,
				5637DD3928E0291D00C119F6 /* Image+.swift in Sources */,
				56C7B20528E9463600D638D2 /* UserServiceProvider.swift in Sources */,
				56DE426528E1F9ED000A6A55 /* SignUpVC1.swift in Sources */,
				5693C1F828CE2CDC008710FF /* SceneDelegate.swift in Sources */,
				564938FE28E8BAE100861D26 /* HTTPUtils.swift in Sources */,
				560BF31D28D0DAB300438463 /* UITextField+.swift in Sources */,
				56DE426928E20E9A000A6A55 /* SignUpVC4.swift in Sources */,
				56DE426728E20E91000A6A55 /* SignUpVC3.swift in Sources */,
				564938F728E8B55200861D26 /* EmailSignIn.swift in Sources */,
				56C7B20928E9710400D638D2 /* EmailSignInView.swift in Sources */,
				564938F928E8B55E00861D26 /* EmailSignInRequest.swift in Sources */,
			);
			runOnlyForDeploymentPostprocessing = 0;
		};
		5693C20428CE2CDE008710FF /* Sources */ = {
			isa = PBXSourcesBuildPhase;
			buildActionMask = 2147483647;
			files = (
				5693C20D28CE2CDE008710FF /* Sparky_iOSTests.swift in Sources */,
			);
			runOnlyForDeploymentPostprocessing = 0;
		};
		5693C20E28CE2CDE008710FF /* Sources */ = {
			isa = PBXSourcesBuildPhase;
			buildActionMask = 2147483647;
			files = (
				5693C21928CE2CDE008710FF /* Sparky_iOSUITestsLaunchTests.swift in Sources */,
				5693C21728CE2CDE008710FF /* Sparky_iOSUITests.swift in Sources */,
			);
			runOnlyForDeploymentPostprocessing = 0;
		};
/* End PBXSourcesBuildPhase section */

/* Begin PBXTargetDependency section */
		560BF32F28D0ECF200438463 /* PBXTargetDependency */ = {
			isa = PBXTargetDependency;
			target = 560BF32528D0ECF200438463 /* Sparky */;
			targetProxy = 560BF32E28D0ECF200438463 /* PBXContainerItemProxy */;
		};
		5693C20A28CE2CDE008710FF /* PBXTargetDependency */ = {
			isa = PBXTargetDependency;
			target = 5693C1F128CE2CDC008710FF /* Sparky-iOS */;
			targetProxy = 5693C20928CE2CDE008710FF /* PBXContainerItemProxy */;
		};
		5693C21428CE2CDE008710FF /* PBXTargetDependency */ = {
			isa = PBXTargetDependency;
			target = 5693C1F128CE2CDC008710FF /* Sparky-iOS */;
			targetProxy = 5693C21328CE2CDE008710FF /* PBXContainerItemProxy */;
		};
/* End PBXTargetDependency section */

/* Begin PBXVariantGroup section */
		5693C20028CE2CDE008710FF /* LaunchScreen.storyboard */ = {
			isa = PBXVariantGroup;
			children = (
				5693C20128CE2CDE008710FF /* Base */,
			);
			name = LaunchScreen.storyboard;
			sourceTree = "<group>";
		};
/* End PBXVariantGroup section */

/* Begin XCBuildConfiguration section */
		560BF33228D0ECF200438463 /* Debug */ = {
			isa = XCBuildConfiguration;
			baseConfigurationReference = ACA5E45A992BA1FF757AE604 /* Pods-Sparky.debug.xcconfig */;
			buildSettings = {
				CODE_SIGN_ENTITLEMENTS = "";
				CODE_SIGN_STYLE = Automatic;
				CURRENT_PROJECT_VERSION = 1;
				DEVELOPMENT_TEAM = 3KZP62644C;
				GENERATE_INFOPLIST_FILE = YES;
				INFOPLIST_FILE = Sparky/Info.plist;
				INFOPLIST_KEY_CFBundleDisplayName = Sparky;
				INFOPLIST_KEY_NSHumanReadableCopyright = "";
				LD_RUNPATH_SEARCH_PATHS = (
					"$(inherited)",
					"@executable_path/Frameworks",
					"@executable_path/../../Frameworks",
				);
				MARKETING_VERSION = 1.0;
				PRODUCT_BUNDLE_IDENTIFIER = "seungmin.Sparky-iOS.Sparky";
				PRODUCT_NAME = "$(TARGET_NAME)";
				SKIP_INSTALL = YES;
				SWIFT_EMIT_LOC_STRINGS = YES;
				SWIFT_VERSION = 5.0;
				TARGETED_DEVICE_FAMILY = 1;
			};
			name = Debug;
		};
		560BF33328D0ECF200438463 /* Release */ = {
			isa = XCBuildConfiguration;
			baseConfigurationReference = 351D34C2E32DDD7AB60456AA /* Pods-Sparky.release.xcconfig */;
			buildSettings = {
				CODE_SIGN_STYLE = Automatic;
				CURRENT_PROJECT_VERSION = 1;
				DEVELOPMENT_TEAM = 3KZP62644C;
				GENERATE_INFOPLIST_FILE = YES;
				INFOPLIST_FILE = Sparky/Info.plist;
				INFOPLIST_KEY_CFBundleDisplayName = Sparky;
				INFOPLIST_KEY_NSHumanReadableCopyright = "";
				LD_RUNPATH_SEARCH_PATHS = (
					"$(inherited)",
					"@executable_path/Frameworks",
					"@executable_path/../../Frameworks",
				);
				MARKETING_VERSION = 1.0;
				PRODUCT_BUNDLE_IDENTIFIER = "seungmin.Sparky-iOS.Sparky";
				PRODUCT_NAME = "$(TARGET_NAME)";
				SKIP_INSTALL = YES;
				SWIFT_EMIT_LOC_STRINGS = YES;
				SWIFT_VERSION = 5.0;
				TARGETED_DEVICE_FAMILY = 1;
			};
			name = Release;
		};
		5693C21A28CE2CDE008710FF /* Debug */ = {
			isa = XCBuildConfiguration;
			buildSettings = {
				ALWAYS_SEARCH_USER_PATHS = NO;
				CLANG_ANALYZER_NONNULL = YES;
				CLANG_ANALYZER_NUMBER_OBJECT_CONVERSION = YES_AGGRESSIVE;
				CLANG_CXX_LANGUAGE_STANDARD = "gnu++17";
				CLANG_ENABLE_MODULES = YES;
				CLANG_ENABLE_OBJC_ARC = YES;
				CLANG_ENABLE_OBJC_WEAK = YES;
				CLANG_WARN_BLOCK_CAPTURE_AUTORELEASING = YES;
				CLANG_WARN_BOOL_CONVERSION = YES;
				CLANG_WARN_COMMA = YES;
				CLANG_WARN_CONSTANT_CONVERSION = YES;
				CLANG_WARN_DEPRECATED_OBJC_IMPLEMENTATIONS = YES;
				CLANG_WARN_DIRECT_OBJC_ISA_USAGE = YES_ERROR;
				CLANG_WARN_DOCUMENTATION_COMMENTS = YES;
				CLANG_WARN_EMPTY_BODY = YES;
				CLANG_WARN_ENUM_CONVERSION = YES;
				CLANG_WARN_INFINITE_RECURSION = YES;
				CLANG_WARN_INT_CONVERSION = YES;
				CLANG_WARN_NON_LITERAL_NULL_CONVERSION = YES;
				CLANG_WARN_OBJC_IMPLICIT_RETAIN_SELF = YES;
				CLANG_WARN_OBJC_LITERAL_CONVERSION = YES;
				CLANG_WARN_OBJC_ROOT_CLASS = YES_ERROR;
				CLANG_WARN_QUOTED_INCLUDE_IN_FRAMEWORK_HEADER = YES;
				CLANG_WARN_RANGE_LOOP_ANALYSIS = YES;
				CLANG_WARN_STRICT_PROTOTYPES = YES;
				CLANG_WARN_SUSPICIOUS_MOVE = YES;
				CLANG_WARN_UNGUARDED_AVAILABILITY = YES_AGGRESSIVE;
				CLANG_WARN_UNREACHABLE_CODE = YES;
				CLANG_WARN__DUPLICATE_METHOD_MATCH = YES;
				COPY_PHASE_STRIP = NO;
				DEBUG_INFORMATION_FORMAT = dwarf;
				ENABLE_STRICT_OBJC_MSGSEND = YES;
				ENABLE_TESTABILITY = YES;
				GCC_C_LANGUAGE_STANDARD = gnu11;
				GCC_DYNAMIC_NO_PIC = NO;
				GCC_NO_COMMON_BLOCKS = YES;
				GCC_OPTIMIZATION_LEVEL = 0;
				GCC_PREPROCESSOR_DEFINITIONS = (
					"DEBUG=1",
					"$(inherited)",
				);
				GCC_WARN_64_TO_32_BIT_CONVERSION = YES;
				GCC_WARN_ABOUT_RETURN_TYPE = YES_ERROR;
				GCC_WARN_UNDECLARED_SELECTOR = YES;
				GCC_WARN_UNINITIALIZED_AUTOS = YES_AGGRESSIVE;
				GCC_WARN_UNUSED_FUNCTION = YES;
				GCC_WARN_UNUSED_VARIABLE = YES;
				IPHONEOS_DEPLOYMENT_TARGET = 13.0;
				MTL_ENABLE_DEBUG_INFO = INCLUDE_SOURCE;
				MTL_FAST_MATH = YES;
				ONLY_ACTIVE_ARCH = YES;
				SDKROOT = iphoneos;
				SWIFT_ACTIVE_COMPILATION_CONDITIONS = DEBUG;
				SWIFT_OPTIMIZATION_LEVEL = "-Onone";
			};
			name = Debug;
		};
		5693C21B28CE2CDE008710FF /* Release */ = {
			isa = XCBuildConfiguration;
			buildSettings = {
				ALWAYS_SEARCH_USER_PATHS = NO;
				CLANG_ANALYZER_NONNULL = YES;
				CLANG_ANALYZER_NUMBER_OBJECT_CONVERSION = YES_AGGRESSIVE;
				CLANG_CXX_LANGUAGE_STANDARD = "gnu++17";
				CLANG_ENABLE_MODULES = YES;
				CLANG_ENABLE_OBJC_ARC = YES;
				CLANG_ENABLE_OBJC_WEAK = YES;
				CLANG_WARN_BLOCK_CAPTURE_AUTORELEASING = YES;
				CLANG_WARN_BOOL_CONVERSION = YES;
				CLANG_WARN_COMMA = YES;
				CLANG_WARN_CONSTANT_CONVERSION = YES;
				CLANG_WARN_DEPRECATED_OBJC_IMPLEMENTATIONS = YES;
				CLANG_WARN_DIRECT_OBJC_ISA_USAGE = YES_ERROR;
				CLANG_WARN_DOCUMENTATION_COMMENTS = YES;
				CLANG_WARN_EMPTY_BODY = YES;
				CLANG_WARN_ENUM_CONVERSION = YES;
				CLANG_WARN_INFINITE_RECURSION = YES;
				CLANG_WARN_INT_CONVERSION = YES;
				CLANG_WARN_NON_LITERAL_NULL_CONVERSION = YES;
				CLANG_WARN_OBJC_IMPLICIT_RETAIN_SELF = YES;
				CLANG_WARN_OBJC_LITERAL_CONVERSION = YES;
				CLANG_WARN_OBJC_ROOT_CLASS = YES_ERROR;
				CLANG_WARN_QUOTED_INCLUDE_IN_FRAMEWORK_HEADER = YES;
				CLANG_WARN_RANGE_LOOP_ANALYSIS = YES;
				CLANG_WARN_STRICT_PROTOTYPES = YES;
				CLANG_WARN_SUSPICIOUS_MOVE = YES;
				CLANG_WARN_UNGUARDED_AVAILABILITY = YES_AGGRESSIVE;
				CLANG_WARN_UNREACHABLE_CODE = YES;
				CLANG_WARN__DUPLICATE_METHOD_MATCH = YES;
				COPY_PHASE_STRIP = NO;
				DEBUG_INFORMATION_FORMAT = "dwarf-with-dsym";
				ENABLE_NS_ASSERTIONS = NO;
				ENABLE_STRICT_OBJC_MSGSEND = YES;
				GCC_C_LANGUAGE_STANDARD = gnu11;
				GCC_NO_COMMON_BLOCKS = YES;
				GCC_WARN_64_TO_32_BIT_CONVERSION = YES;
				GCC_WARN_ABOUT_RETURN_TYPE = YES_ERROR;
				GCC_WARN_UNDECLARED_SELECTOR = YES;
				GCC_WARN_UNINITIALIZED_AUTOS = YES_AGGRESSIVE;
				GCC_WARN_UNUSED_FUNCTION = YES;
				GCC_WARN_UNUSED_VARIABLE = YES;
				IPHONEOS_DEPLOYMENT_TARGET = 13.0;
				MTL_ENABLE_DEBUG_INFO = NO;
				MTL_FAST_MATH = YES;
				SDKROOT = iphoneos;
				SWIFT_COMPILATION_MODE = wholemodule;
				SWIFT_OPTIMIZATION_LEVEL = "-O";
				VALIDATE_PRODUCT = YES;
			};
			name = Release;
		};
		5693C21D28CE2CDE008710FF /* Debug */ = {
			isa = XCBuildConfiguration;
			baseConfigurationReference = ADB30AB01C3CD5ECF2F391C5 /* Pods-Sparky-iOS.debug.xcconfig */;
			buildSettings = {
				ALWAYS_EMBED_SWIFT_STANDARD_LIBRARIES = YES;
				ASSETCATALOG_COMPILER_APPICON_NAME = AppIcon;
				ASSETCATALOG_COMPILER_GLOBAL_ACCENT_COLOR_NAME = AccentColor;
				CODE_SIGN_STYLE = Automatic;
				CURRENT_PROJECT_VERSION = 1;
				DEVELOPMENT_TEAM = 3KZP62644C;
				GENERATE_INFOPLIST_FILE = YES;
				INFOPLIST_FILE = "Sparky-iOS/SupprotingFiles/Info.plist";
				INFOPLIST_KEY_CFBundleDisplayName = Sparky;
				INFOPLIST_KEY_UIApplicationSupportsIndirectInputEvents = YES;
				INFOPLIST_KEY_UILaunchStoryboardName = LaunchScreen;
				INFOPLIST_KEY_UISupportedInterfaceOrientations_iPad = "UIInterfaceOrientationPortrait UIInterfaceOrientationPortraitUpsideDown UIInterfaceOrientationLandscapeLeft UIInterfaceOrientationLandscapeRight";
				INFOPLIST_KEY_UISupportedInterfaceOrientations_iPhone = "UIInterfaceOrientationPortrait UIInterfaceOrientationLandscapeLeft UIInterfaceOrientationLandscapeRight";
				IPHONEOS_DEPLOYMENT_TARGET = 13.0;
				LD_RUNPATH_SEARCH_PATHS = (
					"$(inherited)",
					"@executable_path/Frameworks",
				);
				MARKETING_VERSION = 1.0;
				PRODUCT_BUNDLE_IDENTIFIER = "seungmin.Sparky-iOS";
				PRODUCT_NAME = "$(TARGET_NAME)";
				SWIFT_EMIT_LOC_STRINGS = YES;
				SWIFT_VERSION = 5.0;
				TARGETED_DEVICE_FAMILY = 1;
			};
			name = Debug;
		};
		5693C21E28CE2CDE008710FF /* Release */ = {
			isa = XCBuildConfiguration;
			baseConfigurationReference = 7EDC69995EB1F1F705405925 /* Pods-Sparky-iOS.release.xcconfig */;
			buildSettings = {
				ALWAYS_EMBED_SWIFT_STANDARD_LIBRARIES = YES;
				ASSETCATALOG_COMPILER_APPICON_NAME = AppIcon;
				ASSETCATALOG_COMPILER_GLOBAL_ACCENT_COLOR_NAME = AccentColor;
				CODE_SIGN_STYLE = Automatic;
				CURRENT_PROJECT_VERSION = 1;
				DEVELOPMENT_TEAM = 3KZP62644C;
				GENERATE_INFOPLIST_FILE = YES;
				INFOPLIST_FILE = "Sparky-iOS/SupprotingFiles/Info.plist";
				INFOPLIST_KEY_CFBundleDisplayName = Sparky;
				INFOPLIST_KEY_UIApplicationSupportsIndirectInputEvents = YES;
				INFOPLIST_KEY_UILaunchStoryboardName = LaunchScreen;
				INFOPLIST_KEY_UISupportedInterfaceOrientations_iPad = "UIInterfaceOrientationPortrait UIInterfaceOrientationPortraitUpsideDown UIInterfaceOrientationLandscapeLeft UIInterfaceOrientationLandscapeRight";
				INFOPLIST_KEY_UISupportedInterfaceOrientations_iPhone = "UIInterfaceOrientationPortrait UIInterfaceOrientationLandscapeLeft UIInterfaceOrientationLandscapeRight";
				IPHONEOS_DEPLOYMENT_TARGET = 13.0;
				LD_RUNPATH_SEARCH_PATHS = (
					"$(inherited)",
					"@executable_path/Frameworks",
				);
				MARKETING_VERSION = 1.0;
				PRODUCT_BUNDLE_IDENTIFIER = "seungmin.Sparky-iOS";
				PRODUCT_NAME = "$(TARGET_NAME)";
				SWIFT_EMIT_LOC_STRINGS = YES;
				SWIFT_VERSION = 5.0;
				TARGETED_DEVICE_FAMILY = 1;
			};
			name = Release;
		};
		5693C22028CE2CDE008710FF /* Debug */ = {
			isa = XCBuildConfiguration;
			baseConfigurationReference = 8200BBFF1CA0F48908F3D1CB /* Pods-Sparky-iOSTests.debug.xcconfig */;
			buildSettings = {
				ALWAYS_EMBED_SWIFT_STANDARD_LIBRARIES = YES;
				BUNDLE_LOADER = "$(TEST_HOST)";
				CODE_SIGN_STYLE = Automatic;
				CURRENT_PROJECT_VERSION = 1;
				GENERATE_INFOPLIST_FILE = YES;
				IPHONEOS_DEPLOYMENT_TARGET = 15.4;
				MARKETING_VERSION = 1.0;
				PRODUCT_BUNDLE_IDENTIFIER = "seungmin.Sparky-iOSTests";
				PRODUCT_NAME = "$(TARGET_NAME)";
				SWIFT_EMIT_LOC_STRINGS = NO;
				SWIFT_VERSION = 5.0;
				TARGETED_DEVICE_FAMILY = 1;
				TEST_HOST = "$(BUILT_PRODUCTS_DIR)/Sparky-iOS.app/Sparky-iOS";
			};
			name = Debug;
		};
		5693C22128CE2CDE008710FF /* Release */ = {
			isa = XCBuildConfiguration;
			baseConfigurationReference = BF515E27213CE4092188B3BE /* Pods-Sparky-iOSTests.release.xcconfig */;
			buildSettings = {
				ALWAYS_EMBED_SWIFT_STANDARD_LIBRARIES = YES;
				BUNDLE_LOADER = "$(TEST_HOST)";
				CODE_SIGN_STYLE = Automatic;
				CURRENT_PROJECT_VERSION = 1;
				GENERATE_INFOPLIST_FILE = YES;
				IPHONEOS_DEPLOYMENT_TARGET = 15.4;
				MARKETING_VERSION = 1.0;
				PRODUCT_BUNDLE_IDENTIFIER = "seungmin.Sparky-iOSTests";
				PRODUCT_NAME = "$(TARGET_NAME)";
				SWIFT_EMIT_LOC_STRINGS = NO;
				SWIFT_VERSION = 5.0;
				TARGETED_DEVICE_FAMILY = 1;
				TEST_HOST = "$(BUILT_PRODUCTS_DIR)/Sparky-iOS.app/Sparky-iOS";
			};
			name = Release;
		};
		5693C22328CE2CDE008710FF /* Debug */ = {
			isa = XCBuildConfiguration;
			baseConfigurationReference = 6550F62BB6E71748B5800554 /* Pods-Sparky-iOSUITests.debug.xcconfig */;
			buildSettings = {
				ALWAYS_EMBED_SWIFT_STANDARD_LIBRARIES = YES;
				CODE_SIGN_STYLE = Automatic;
				CURRENT_PROJECT_VERSION = 1;
				GENERATE_INFOPLIST_FILE = YES;
				MARKETING_VERSION = 1.0;
				PRODUCT_BUNDLE_IDENTIFIER = "seungmin.Sparky-iOSUITests";
				PRODUCT_NAME = "$(TARGET_NAME)";
				SWIFT_EMIT_LOC_STRINGS = NO;
				SWIFT_VERSION = 5.0;
				TARGETED_DEVICE_FAMILY = 1;
				TEST_TARGET_NAME = "Sparky-iOS";
			};
			name = Debug;
		};
		5693C22428CE2CDE008710FF /* Release */ = {
			isa = XCBuildConfiguration;
			baseConfigurationReference = 4FCBEDAB311ABD78662B0CE0 /* Pods-Sparky-iOSUITests.release.xcconfig */;
			buildSettings = {
				ALWAYS_EMBED_SWIFT_STANDARD_LIBRARIES = YES;
				CODE_SIGN_STYLE = Automatic;
				CURRENT_PROJECT_VERSION = 1;
				GENERATE_INFOPLIST_FILE = YES;
				MARKETING_VERSION = 1.0;
				PRODUCT_BUNDLE_IDENTIFIER = "seungmin.Sparky-iOSUITests";
				PRODUCT_NAME = "$(TARGET_NAME)";
				SWIFT_EMIT_LOC_STRINGS = NO;
				SWIFT_VERSION = 5.0;
				TARGETED_DEVICE_FAMILY = 1;
				TEST_TARGET_NAME = "Sparky-iOS";
			};
			name = Release;
		};
/* End XCBuildConfiguration section */

/* Begin XCConfigurationList section */
		560BF33428D0ECF200438463 /* Build configuration list for PBXNativeTarget "Sparky" */ = {
			isa = XCConfigurationList;
			buildConfigurations = (
				560BF33228D0ECF200438463 /* Debug */,
				560BF33328D0ECF200438463 /* Release */,
			);
			defaultConfigurationIsVisible = 0;
			defaultConfigurationName = Release;
		};
		5693C1ED28CE2CDC008710FF /* Build configuration list for PBXProject "Sparky-iOS" */ = {
			isa = XCConfigurationList;
			buildConfigurations = (
				5693C21A28CE2CDE008710FF /* Debug */,
				5693C21B28CE2CDE008710FF /* Release */,
			);
			defaultConfigurationIsVisible = 0;
			defaultConfigurationName = Release;
		};
		5693C21C28CE2CDE008710FF /* Build configuration list for PBXNativeTarget "Sparky-iOS" */ = {
			isa = XCConfigurationList;
			buildConfigurations = (
				5693C21D28CE2CDE008710FF /* Debug */,
				5693C21E28CE2CDE008710FF /* Release */,
			);
			defaultConfigurationIsVisible = 0;
			defaultConfigurationName = Release;
		};
		5693C21F28CE2CDE008710FF /* Build configuration list for PBXNativeTarget "Sparky-iOSTests" */ = {
			isa = XCConfigurationList;
			buildConfigurations = (
				5693C22028CE2CDE008710FF /* Debug */,
				5693C22128CE2CDE008710FF /* Release */,
			);
			defaultConfigurationIsVisible = 0;
			defaultConfigurationName = Release;
		};
		5693C22228CE2CDE008710FF /* Build configuration list for PBXNativeTarget "Sparky-iOSUITests" */ = {
			isa = XCConfigurationList;
			buildConfigurations = (
				5693C22328CE2CDE008710FF /* Debug */,
				5693C22428CE2CDE008710FF /* Release */,
			);
			defaultConfigurationIsVisible = 0;
			defaultConfigurationName = Release;
		};
/* End XCConfigurationList section */
	};
	rootObject = 5693C1EA28CE2CDC008710FF /* Project object */;
}
