// !$*UTF8*$!
{
	archiveVersion = 1;
	classes = {
	};
	objectVersion = 55;
	objects = {

/* Begin PBXBuildFile section */
		26C651488BDA360A196D23F1 /* Pods_Sparky.framework in Frameworks */ = {isa = PBXBuildFile; fileRef = 4E469642D9E4A7E36E73CA30 /* Pods_Sparky.framework */; };
		5606F66E28F3BA300083AA58 /* TokenUtils.swift in Sources */ = {isa = PBXBuildFile; fileRef = 5606F66D28F3BA300083AA58 /* TokenUtils.swift */; };
		5606F66F28F4352B0083AA58 /* UITextField+.swift in Sources */ = {isa = PBXBuildFile; fileRef = 560BF31C28D0DAB300438463 /* UITextField+.swift */; };
		5606F67028F4352E0083AA58 /* Color+.swift in Sources */ = {isa = PBXBuildFile; fileRef = 5637DD3628E0290E00C119F6 /* Color+.swift */; };
		5606F67128F435310083AA58 /* Image+.swift in Sources */ = {isa = PBXBuildFile; fileRef = 5637DD3828E0291D00C119F6 /* Image+.swift */; };
		5606F67228F435340083AA58 /* Font+.swift in Sources */ = {isa = PBXBuildFile; fileRef = 5637DD3A28E0293000C119F6 /* Font+.swift */; };
		5606F67328F435370083AA58 /* UINavigationBar+.swift in Sources */ = {isa = PBXBuildFile; fileRef = 56DE426A28E21547000A6A55 /* UINavigationBar+.swift */; };
		5606F67428F43C880083AA58 /* Assets.xcassets in Resources */ = {isa = PBXBuildFile; fileRef = 5693C1FE28CE2CDE008710FF /* Assets.xcassets */; };
		560BF31D28D0DAB300438463 /* UITextField+.swift in Sources */ = {isa = PBXBuildFile; fileRef = 560BF31C28D0DAB300438463 /* UITextField+.swift */; };
		560BF32128D0E6AE00438463 /* HomeVC.swift in Sources */ = {isa = PBXBuildFile; fileRef = 560BF32028D0E6AE00438463 /* HomeVC.swift */; };
		560BF33028D0ECF200438463 /* Sparky.appex in Embed App Extensions */ = {isa = PBXBuildFile; fileRef = 560BF32628D0ECF200438463 /* Sparky.appex */; settings = {ATTRIBUTES = (RemoveHeadersOnCopy, ); }; };
		5613666428FDBF14003A33CE /* RecentTagViewModel.swift in Sources */ = {isa = PBXBuildFile; fileRef = 5613666228FDBEC1003A33CE /* RecentTagViewModel.swift */; };
		5616C54728DB739500BF7126 /* CustomShareVC.swift in Sources */ = {isa = PBXBuildFile; fileRef = 5616C54228DB730200BF7126 /* CustomShareVC.swift */; };
		5616C54828DB739800BF7126 /* CustomShareNC.swift in Sources */ = {isa = PBXBuildFile; fileRef = 5616C54328DB730200BF7126 /* CustomShareNC.swift */; };
		5637DD3728E0290E00C119F6 /* Color+.swift in Sources */ = {isa = PBXBuildFile; fileRef = 5637DD3628E0290E00C119F6 /* Color+.swift */; };
		5637DD3928E0291D00C119F6 /* Image+.swift in Sources */ = {isa = PBXBuildFile; fileRef = 5637DD3828E0291D00C119F6 /* Image+.swift */; };
		5637DD3B28E0293000C119F6 /* Font+.swift in Sources */ = {isa = PBXBuildFile; fileRef = 5637DD3A28E0293000C119F6 /* Font+.swift */; };
		564938F328E8AFE800861D26 /* UserService.swift in Sources */ = {isa = PBXBuildFile; fileRef = 564938F228E8AFE800861D26 /* UserService.swift */; };
		564938F928E8B55E00861D26 /* EmailSignInRequest.swift in Sources */ = {isa = PBXBuildFile; fileRef = 564938F828E8B55E00861D26 /* EmailSignInRequest.swift */; };
		564938FB28E8B56B00861D26 /* EmailSignInResponse.swift in Sources */ = {isa = PBXBuildFile; fileRef = 564938FA28E8B56B00861D26 /* EmailSignInResponse.swift */; };
		564938FE28E8BAE100861D26 /* HTTPUtils.swift in Sources */ = {isa = PBXBuildFile; fileRef = 564938FD28E8BAE100861D26 /* HTTPUtils.swift */; };
		5652A44628EB303F00415738 /* CrawlManager.swift in Sources */ = {isa = PBXBuildFile; fileRef = 5652A44528EB303F00415738 /* CrawlManager.swift */; };
		5652A44828EB31D400415738 /* Scrap.swift in Sources */ = {isa = PBXBuildFile; fileRef = 5652A44728EB31D400415738 /* Scrap.swift */; };
		5652A44C28EB4FA800415738 /* Strings.swift in Sources */ = {isa = PBXBuildFile; fileRef = 5652A44A28EB3CE000415738 /* Strings.swift */; };
		5652A44D28EB4FAA00415738 /* Strings.swift in Sources */ = {isa = PBXBuildFile; fileRef = 5652A44A28EB3CE000415738 /* Strings.swift */; };
		567DF86F28EC9645005A3E30 /* EmailConfirmRequest.swift in Sources */ = {isa = PBXBuildFile; fileRef = 567DF86E28EC9645005A3E30 /* EmailConfirmRequest.swift */; };
		567DF87128EC983B005A3E30 /* EmailSignUpRequest.swift in Sources */ = {isa = PBXBuildFile; fileRef = 567DF87028EC983B005A3E30 /* EmailSignUpRequest.swift */; };
		567DF87428ECA69F005A3E30 /* EmailSendRequest.swift in Sources */ = {isa = PBXBuildFile; fileRef = 567DF87328ECA69F005A3E30 /* EmailSendRequest.swift */; };
		567DF87628ECAAE4005A3E30 /* EmailSignUpResponse.swift in Sources */ = {isa = PBXBuildFile; fileRef = 567DF87528ECAAE4005A3E30 /* EmailSignUpResponse.swift */; };
		5680F0F428F33598004D240D /* EmailNicknameDuplicateRequest.swift in Sources */ = {isa = PBXBuildFile; fileRef = 5680F0F328F33598004D240D /* EmailNicknameDuplicateRequest.swift */; };
		568183472901A6D0006F616C /* PreviewViewModel.swift in Sources */ = {isa = PBXBuildFile; fileRef = 568183452901A641006F616C /* PreviewViewModel.swift */; };
		5684384E28F5D83C000E5C89 /* TagCollectionViewCell.swift in Sources */ = {isa = PBXBuildFile; fileRef = 5684384C28F5D7C2000E5C89 /* TagCollectionViewCell.swift */; };
		5684384F28F5D96E000E5C89 /* Tag.swift in Sources */ = {isa = PBXBuildFile; fileRef = 569AE21728F48062003ED188 /* Tag.swift */; };
		568AD0742902EFDE00F2CFD7 /* String+.swift in Sources */ = {isa = PBXBuildFile; fileRef = 568AD0722902ED2600F2CFD7 /* String+.swift */; };
		56902D1728EA9B70005F18B1 /* SignUpViewModel.swift in Sources */ = {isa = PBXBuildFile; fileRef = 56902D1628EA9B70005F18B1 /* SignUpViewModel.swift */; };
		56902D1A28EAC527005F18B1 /* OTPTextField.swift in Sources */ = {isa = PBXBuildFile; fileRef = 56902D1928EAC527005F18B1 /* OTPTextField.swift */; };
		56902D1C28EAC595005F18B1 /* OTPStackView.swift in Sources */ = {isa = PBXBuildFile; fileRef = 56902D1B28EAC595005F18B1 /* OTPStackView.swift */; };
		5693C1F628CE2CDC008710FF /* AppDelegate.swift in Sources */ = {isa = PBXBuildFile; fileRef = 5693C1F528CE2CDC008710FF /* AppDelegate.swift */; };
		5693C1F828CE2CDC008710FF /* SceneDelegate.swift in Sources */ = {isa = PBXBuildFile; fileRef = 5693C1F728CE2CDC008710FF /* SceneDelegate.swift */; };
		5693C1FA28CE2CDC008710FF /* SigninVC.swift in Sources */ = {isa = PBXBuildFile; fileRef = 5693C1F928CE2CDC008710FF /* SigninVC.swift */; };
		5693C1FF28CE2CDE008710FF /* Assets.xcassets in Resources */ = {isa = PBXBuildFile; fileRef = 5693C1FE28CE2CDE008710FF /* Assets.xcassets */; };
		5693C20228CE2CDE008710FF /* LaunchScreen.storyboard in Resources */ = {isa = PBXBuildFile; fileRef = 5693C20028CE2CDE008710FF /* LaunchScreen.storyboard */; };
		5693C20D28CE2CDE008710FF /* Sparky_iOSTests.swift in Sources */ = {isa = PBXBuildFile; fileRef = 5693C20C28CE2CDE008710FF /* Sparky_iOSTests.swift */; };
		5693C21728CE2CDE008710FF /* Sparky_iOSUITests.swift in Sources */ = {isa = PBXBuildFile; fileRef = 5693C21628CE2CDE008710FF /* Sparky_iOSUITests.swift */; };
		5693C21928CE2CDE008710FF /* Sparky_iOSUITestsLaunchTests.swift in Sources */ = {isa = PBXBuildFile; fileRef = 5693C21828CE2CDE008710FF /* Sparky_iOSUITestsLaunchTests.swift */; };
		569AE21B28F48669003ED188 /* TagCollectionViewModel.swift in Sources */ = {isa = PBXBuildFile; fileRef = 569AE21928F481BB003ED188 /* TagCollectionViewModel.swift */; };
		569B79C428F9BDFD00AD9BC3 /* UIStackView+.swift in Sources */ = {isa = PBXBuildFile; fileRef = 569B79C328F9BDFD00AD9BC3 /* UIStackView+.swift */; };
		569B79C528F9BE3100AD9BC3 /* UIStackView+.swift in Sources */ = {isa = PBXBuildFile; fileRef = 569B79C328F9BDFD00AD9BC3 /* UIStackView+.swift */; };
		569B79C828F9EB0200AD9BC3 /* TagCollectionView.swift in Sources */ = {isa = PBXBuildFile; fileRef = 569B79C628F9EA4500AD9BC3 /* TagCollectionView.swift */; };
		569B79CB28F9F2A000AD9BC3 /* TagCollectionViewFlowLayout.swift in Sources */ = {isa = PBXBuildFile; fileRef = 569B79C928F9F0A800AD9BC3 /* TagCollectionViewFlowLayout.swift */; };
		56A0AA7028FC25EE00726C13 /* TagBottomSheetVC.swift in Sources */ = {isa = PBXBuildFile; fileRef = 56A0AA6E28FBD50F00726C13 /* TagBottomSheetVC.swift */; };
		56A0AA7628FC3BE100726C13 /* SparkyNavBar.swift in Sources */ = {isa = PBXBuildFile; fileRef = 56A0AA7428FC3AD400726C13 /* SparkyNavBar.swift */; };
		56A0AA7728FC3BE200726C13 /* SparkyNavBar.swift in Sources */ = {isa = PBXBuildFile; fileRef = 56A0AA7428FC3AD400726C13 /* SparkyNavBar.swift */; };
		56A6FAF328E4BB4B009EA038 /* SignUpVC2.swift in Sources */ = {isa = PBXBuildFile; fileRef = 56A6FAF228E4BB4B009EA038 /* SignUpVC2.swift */; };
		56C41B8828FEC81900D610E5 /* SparkySearchBar.swift in Sources */ = {isa = PBXBuildFile; fileRef = 56C41B8728FEC81900D610E5 /* SparkySearchBar.swift */; };
		56C41B8928FEC8CC00D610E5 /* SparkySearchBar.swift in Sources */ = {isa = PBXBuildFile; fileRef = 56C41B8728FEC81900D610E5 /* SparkySearchBar.swift */; };
		56C41B8C28FECED600D610E5 /* MyScrapVC.swift in Sources */ = {isa = PBXBuildFile; fileRef = 56C41B8B28FECED600D610E5 /* MyScrapVC.swift */; };
		56C7B20328E93D9800D638D2 /* UserServiceAPI.swift in Sources */ = {isa = PBXBuildFile; fileRef = 56C7B20228E93D9800D638D2 /* UserServiceAPI.swift */; };
		56C7B20528E9463600D638D2 /* UserServiceProvider.swift in Sources */ = {isa = PBXBuildFile; fileRef = 56C7B20428E9463600D638D2 /* UserServiceProvider.swift */; };
		56C7B20728E9687600D638D2 /* EmailSignInViewModel.swift in Sources */ = {isa = PBXBuildFile; fileRef = 56C7B20628E9687600D638D2 /* EmailSignInViewModel.swift */; };
		56C7B20928E9710400D638D2 /* EmailSignInView.swift in Sources */ = {isa = PBXBuildFile; fileRef = 56C7B20828E9710400D638D2 /* EmailSignInView.swift */; };
		56DD96682905435B002DED3E /* CustomPaddingLabel.swift in Sources */ = {isa = PBXBuildFile; fileRef = 56DD96672905435B002DED3E /* CustomPaddingLabel.swift */; };
		56DD96692905445C002DED3E /* CustomPaddingLabel.swift in Sources */ = {isa = PBXBuildFile; fileRef = 56DD96672905435B002DED3E /* CustomPaddingLabel.swift */; };
		56DD966B29059162002DED3E /* BehaviorRelay+.swift in Sources */ = {isa = PBXBuildFile; fileRef = 56DD966A29059162002DED3E /* BehaviorRelay+.swift */; };
		56DD966C29059379002DED3E /* BehaviorRelay+.swift in Sources */ = {isa = PBXBuildFile; fileRef = 56DD966A29059162002DED3E /* BehaviorRelay+.swift */; };
		56DD966D2905C5FF002DED3E /* Tag.swift in Sources */ = {isa = PBXBuildFile; fileRef = 569AE21728F48062003ED188 /* Tag.swift */; };
		56DE426528E1F9ED000A6A55 /* SignUpVC1.swift in Sources */ = {isa = PBXBuildFile; fileRef = 56DE426428E1F9ED000A6A55 /* SignUpVC1.swift */; };
		56DE426728E20E91000A6A55 /* SignUpVC3.swift in Sources */ = {isa = PBXBuildFile; fileRef = 56DE426628E20E91000A6A55 /* SignUpVC3.swift */; };
		56DE426928E20E9A000A6A55 /* SignUpVC4.swift in Sources */ = {isa = PBXBuildFile; fileRef = 56DE426828E20E9A000A6A55 /* SignUpVC4.swift */; };
		56DE426B28E21547000A6A55 /* UINavigationBar+.swift in Sources */ = {isa = PBXBuildFile; fileRef = 56DE426A28E21547000A6A55 /* UINavigationBar+.swift */; };
		6E91645E122F7AAC06A59D3A /* libPods-Sparky-iOSUITests.a in Frameworks */ = {isa = PBXBuildFile; fileRef = B6FFBEC78E25C4506161522C /* libPods-Sparky-iOSUITests.a */; };
		B87BCABECBA61410E31A30B0 /* libPods-Sparky-iOSTests.a in Frameworks */ = {isa = PBXBuildFile; fileRef = 30E29FFC4AE402F5D30E4816 /* libPods-Sparky-iOSTests.a */; };
		D54203BDB0AB9BAC47BA33AE /* Pods_Sparky_iOS.framework in Frameworks */ = {isa = PBXBuildFile; fileRef = 6ABAFA7026C61786223BEC78 /* Pods_Sparky_iOS.framework */; };
/* End PBXBuildFile section */

/* Begin PBXContainerItemProxy section */
		560BF32E28D0ECF200438463 /* PBXContainerItemProxy */ = {
			isa = PBXContainerItemProxy;
			containerPortal = 5693C1EA28CE2CDC008710FF /* Project object */;
			proxyType = 1;
			remoteGlobalIDString = 560BF32528D0ECF200438463;
			remoteInfo = Sparky;
		};
		5693C20928CE2CDE008710FF /* PBXContainerItemProxy */ = {
			isa = PBXContainerItemProxy;
			containerPortal = 5693C1EA28CE2CDC008710FF /* Project object */;
			proxyType = 1;
			remoteGlobalIDString = 5693C1F128CE2CDC008710FF;
			remoteInfo = "Sparky-iOS";
		};
		5693C21328CE2CDE008710FF /* PBXContainerItemProxy */ = {
			isa = PBXContainerItemProxy;
			containerPortal = 5693C1EA28CE2CDC008710FF /* Project object */;
			proxyType = 1;
			remoteGlobalIDString = 5693C1F128CE2CDC008710FF;
			remoteInfo = "Sparky-iOS";
		};
/* End PBXContainerItemProxy section */

/* Begin PBXCopyFilesBuildPhase section */
		560BF33128D0ECF200438463 /* Embed App Extensions */ = {
			isa = PBXCopyFilesBuildPhase;
			buildActionMask = 2147483647;
			dstPath = "";
			dstSubfolderSpec = 13;
			files = (
				560BF33028D0ECF200438463 /* Sparky.appex in Embed App Extensions */,
			);
			name = "Embed App Extensions";
			runOnlyForDeploymentPostprocessing = 0;
		};
/* End PBXCopyFilesBuildPhase section */

/* Begin PBXFileReference section */
		0745592499E1AB4F080CEF00 /* Pods-Sparky.release.xcconfig */ = {isa = PBXFileReference; includeInIndex = 1; lastKnownFileType = text.xcconfig; name = "Pods-Sparky.release.xcconfig"; path = "Target Support Files/Pods-Sparky/Pods-Sparky.release.xcconfig"; sourceTree = "<group>"; };
		0E4FBAAC9059CA562F58B2FE /* Pods-Sparky-iOSTests.debug.xcconfig */ = {isa = PBXFileReference; includeInIndex = 1; lastKnownFileType = text.xcconfig; name = "Pods-Sparky-iOSTests.debug.xcconfig"; path = "Target Support Files/Pods-Sparky-iOSTests/Pods-Sparky-iOSTests.debug.xcconfig"; sourceTree = "<group>"; };
		1D605460D7A1D106F9AE7D2D /* Pods-Sparky-iOSUITests.release.xcconfig */ = {isa = PBXFileReference; includeInIndex = 1; lastKnownFileType = text.xcconfig; name = "Pods-Sparky-iOSUITests.release.xcconfig"; path = "Target Support Files/Pods-Sparky-iOSUITests/Pods-Sparky-iOSUITests.release.xcconfig"; sourceTree = "<group>"; };
		30E29FFC4AE402F5D30E4816 /* libPods-Sparky-iOSTests.a */ = {isa = PBXFileReference; explicitFileType = archive.ar; includeInIndex = 0; path = "libPods-Sparky-iOSTests.a"; sourceTree = BUILT_PRODUCTS_DIR; };
		48C7ECC7958FFC436E1DDE49 /* Pods-Sparky-iOS.release.xcconfig */ = {isa = PBXFileReference; includeInIndex = 1; lastKnownFileType = text.xcconfig; name = "Pods-Sparky-iOS.release.xcconfig"; path = "Target Support Files/Pods-Sparky-iOS/Pods-Sparky-iOS.release.xcconfig"; sourceTree = "<group>"; };
		4E469642D9E4A7E36E73CA30 /* Pods_Sparky.framework */ = {isa = PBXFileReference; explicitFileType = wrapper.framework; includeInIndex = 0; path = Pods_Sparky.framework; sourceTree = BUILT_PRODUCTS_DIR; };
		5606F66D28F3BA300083AA58 /* TokenUtils.swift */ = {isa = PBXFileReference; lastKnownFileType = sourcecode.swift; path = TokenUtils.swift; sourceTree = "<group>"; };
		560BF31C28D0DAB300438463 /* UITextField+.swift */ = {isa = PBXFileReference; lastKnownFileType = sourcecode.swift; path = "UITextField+.swift"; sourceTree = "<group>"; };
		560BF32028D0E6AE00438463 /* HomeVC.swift */ = {isa = PBXFileReference; lastKnownFileType = sourcecode.swift; path = HomeVC.swift; sourceTree = "<group>"; };
		560BF32628D0ECF200438463 /* Sparky.appex */ = {isa = PBXFileReference; explicitFileType = "wrapper.app-extension"; includeInIndex = 0; path = Sparky.appex; sourceTree = BUILT_PRODUCTS_DIR; };
		560BF32D28D0ECF200438463 /* Info.plist */ = {isa = PBXFileReference; lastKnownFileType = text.plist.xml; path = Info.plist; sourceTree = "<group>"; };
		5613666228FDBEC1003A33CE /* RecentTagViewModel.swift */ = {isa = PBXFileReference; lastKnownFileType = sourcecode.swift; path = RecentTagViewModel.swift; sourceTree = "<group>"; };
		5616C54228DB730200BF7126 /* CustomShareVC.swift */ = {isa = PBXFileReference; fileEncoding = 4; lastKnownFileType = sourcecode.swift; path = CustomShareVC.swift; sourceTree = "<group>"; };
		5616C54328DB730200BF7126 /* CustomShareNC.swift */ = {isa = PBXFileReference; fileEncoding = 4; lastKnownFileType = sourcecode.swift; path = CustomShareNC.swift; sourceTree = "<group>"; };
		5637DD3628E0290E00C119F6 /* Color+.swift */ = {isa = PBXFileReference; lastKnownFileType = sourcecode.swift; path = "Color+.swift"; sourceTree = "<group>"; };
		5637DD3828E0291D00C119F6 /* Image+.swift */ = {isa = PBXFileReference; lastKnownFileType = sourcecode.swift; path = "Image+.swift"; sourceTree = "<group>"; };
		5637DD3A28E0293000C119F6 /* Font+.swift */ = {isa = PBXFileReference; lastKnownFileType = sourcecode.swift; path = "Font+.swift"; sourceTree = "<group>"; };
		564938F228E8AFE800861D26 /* UserService.swift */ = {isa = PBXFileReference; lastKnownFileType = sourcecode.swift; path = UserService.swift; sourceTree = "<group>"; };
		564938F828E8B55E00861D26 /* EmailSignInRequest.swift */ = {isa = PBXFileReference; lastKnownFileType = sourcecode.swift; path = EmailSignInRequest.swift; sourceTree = "<group>"; };
		564938FA28E8B56B00861D26 /* EmailSignInResponse.swift */ = {isa = PBXFileReference; lastKnownFileType = sourcecode.swift; path = EmailSignInResponse.swift; sourceTree = "<group>"; };
		564938FD28E8BAE100861D26 /* HTTPUtils.swift */ = {isa = PBXFileReference; lastKnownFileType = sourcecode.swift; path = HTTPUtils.swift; sourceTree = "<group>"; };
		5652A44528EB303F00415738 /* CrawlManager.swift */ = {isa = PBXFileReference; lastKnownFileType = sourcecode.swift; path = CrawlManager.swift; sourceTree = "<group>"; };
		5652A44728EB31D400415738 /* Scrap.swift */ = {isa = PBXFileReference; lastKnownFileType = sourcecode.swift; path = Scrap.swift; sourceTree = "<group>"; };
		5652A44A28EB3CE000415738 /* Strings.swift */ = {isa = PBXFileReference; lastKnownFileType = sourcecode.swift; path = Strings.swift; sourceTree = "<group>"; };
		567DF86E28EC9645005A3E30 /* EmailConfirmRequest.swift */ = {isa = PBXFileReference; lastKnownFileType = sourcecode.swift; path = EmailConfirmRequest.swift; sourceTree = "<group>"; };
		567DF87028EC983B005A3E30 /* EmailSignUpRequest.swift */ = {isa = PBXFileReference; lastKnownFileType = sourcecode.swift; path = EmailSignUpRequest.swift; sourceTree = "<group>"; };
		567DF87328ECA69F005A3E30 /* EmailSendRequest.swift */ = {isa = PBXFileReference; lastKnownFileType = sourcecode.swift; path = EmailSendRequest.swift; sourceTree = "<group>"; };
		567DF87528ECAAE4005A3E30 /* EmailSignUpResponse.swift */ = {isa = PBXFileReference; lastKnownFileType = sourcecode.swift; path = EmailSignUpResponse.swift; sourceTree = "<group>"; };
		5680F0F328F33598004D240D /* EmailNicknameDuplicateRequest.swift */ = {isa = PBXFileReference; lastKnownFileType = sourcecode.swift; path = EmailNicknameDuplicateRequest.swift; sourceTree = "<group>"; };
		568183452901A641006F616C /* PreviewViewModel.swift */ = {isa = PBXFileReference; lastKnownFileType = sourcecode.swift; path = PreviewViewModel.swift; sourceTree = "<group>"; };
		5684384C28F5D7C2000E5C89 /* TagCollectionViewCell.swift */ = {isa = PBXFileReference; indentWidth = 4; lastKnownFileType = sourcecode.swift; path = TagCollectionViewCell.swift; sourceTree = "<group>"; };
		568AD0722902ED2600F2CFD7 /* String+.swift */ = {isa = PBXFileReference; lastKnownFileType = sourcecode.swift; path = "String+.swift"; sourceTree = "<group>"; };
		56902D1628EA9B70005F18B1 /* SignUpViewModel.swift */ = {isa = PBXFileReference; lastKnownFileType = sourcecode.swift; path = SignUpViewModel.swift; sourceTree = "<group>"; };
		56902D1928EAC527005F18B1 /* OTPTextField.swift */ = {isa = PBXFileReference; lastKnownFileType = sourcecode.swift; path = OTPTextField.swift; sourceTree = "<group>"; };
		56902D1B28EAC595005F18B1 /* OTPStackView.swift */ = {isa = PBXFileReference; lastKnownFileType = sourcecode.swift; path = OTPStackView.swift; sourceTree = "<group>"; };
		5693C1F228CE2CDC008710FF /* Sparky-iOS.app */ = {isa = PBXFileReference; explicitFileType = wrapper.application; includeInIndex = 0; path = "Sparky-iOS.app"; sourceTree = BUILT_PRODUCTS_DIR; };
		5693C1F528CE2CDC008710FF /* AppDelegate.swift */ = {isa = PBXFileReference; lastKnownFileType = sourcecode.swift; path = AppDelegate.swift; sourceTree = "<group>"; };
		5693C1F728CE2CDC008710FF /* SceneDelegate.swift */ = {isa = PBXFileReference; lastKnownFileType = sourcecode.swift; path = SceneDelegate.swift; sourceTree = "<group>"; };
		5693C1F928CE2CDC008710FF /* SigninVC.swift */ = {isa = PBXFileReference; lastKnownFileType = sourcecode.swift; path = SigninVC.swift; sourceTree = "<group>"; };
		5693C1FE28CE2CDE008710FF /* Assets.xcassets */ = {isa = PBXFileReference; lastKnownFileType = folder.assetcatalog; path = Assets.xcassets; sourceTree = "<group>"; };
		5693C20128CE2CDE008710FF /* Base */ = {isa = PBXFileReference; lastKnownFileType = file.storyboard; name = Base; path = Base.lproj/LaunchScreen.storyboard; sourceTree = "<group>"; };
		5693C20328CE2CDE008710FF /* Info.plist */ = {isa = PBXFileReference; lastKnownFileType = text.plist.xml; path = Info.plist; sourceTree = "<group>"; };
		5693C20828CE2CDE008710FF /* Sparky-iOSTests.xctest */ = {isa = PBXFileReference; explicitFileType = wrapper.cfbundle; includeInIndex = 0; path = "Sparky-iOSTests.xctest"; sourceTree = BUILT_PRODUCTS_DIR; };
		5693C20C28CE2CDE008710FF /* Sparky_iOSTests.swift */ = {isa = PBXFileReference; lastKnownFileType = sourcecode.swift; path = Sparky_iOSTests.swift; sourceTree = "<group>"; };
		5693C21228CE2CDE008710FF /* Sparky-iOSUITests.xctest */ = {isa = PBXFileReference; explicitFileType = wrapper.cfbundle; includeInIndex = 0; path = "Sparky-iOSUITests.xctest"; sourceTree = BUILT_PRODUCTS_DIR; };
		5693C21628CE2CDE008710FF /* Sparky_iOSUITests.swift */ = {isa = PBXFileReference; lastKnownFileType = sourcecode.swift; path = Sparky_iOSUITests.swift; sourceTree = "<group>"; };
		5693C21828CE2CDE008710FF /* Sparky_iOSUITestsLaunchTests.swift */ = {isa = PBXFileReference; lastKnownFileType = sourcecode.swift; path = Sparky_iOSUITestsLaunchTests.swift; sourceTree = "<group>"; };
		569AE21728F48062003ED188 /* Tag.swift */ = {isa = PBXFileReference; lastKnownFileType = sourcecode.swift; path = Tag.swift; sourceTree = "<group>"; };
		569AE21928F481BB003ED188 /* TagCollectionViewModel.swift */ = {isa = PBXFileReference; lastKnownFileType = sourcecode.swift; path = TagCollectionViewModel.swift; sourceTree = "<group>"; };
		569B79C328F9BDFD00AD9BC3 /* UIStackView+.swift */ = {isa = PBXFileReference; lastKnownFileType = sourcecode.swift; path = "UIStackView+.swift"; sourceTree = "<group>"; };
		569B79C628F9EA4500AD9BC3 /* TagCollectionView.swift */ = {isa = PBXFileReference; lastKnownFileType = sourcecode.swift; path = TagCollectionView.swift; sourceTree = "<group>"; };
		569B79C928F9F0A800AD9BC3 /* TagCollectionViewFlowLayout.swift */ = {isa = PBXFileReference; lastKnownFileType = sourcecode.swift; path = TagCollectionViewFlowLayout.swift; sourceTree = "<group>"; };
		56A0AA6E28FBD50F00726C13 /* TagBottomSheetVC.swift */ = {isa = PBXFileReference; lastKnownFileType = sourcecode.swift; path = TagBottomSheetVC.swift; sourceTree = "<group>"; };
		56A0AA7428FC3AD400726C13 /* SparkyNavBar.swift */ = {isa = PBXFileReference; lastKnownFileType = sourcecode.swift; path = SparkyNavBar.swift; sourceTree = "<group>"; };
		56A6FAF228E4BB4B009EA038 /* SignUpVC2.swift */ = {isa = PBXFileReference; lastKnownFileType = sourcecode.swift; path = SignUpVC2.swift; sourceTree = "<group>"; };
		56C41B8728FEC81900D610E5 /* SparkySearchBar.swift */ = {isa = PBXFileReference; lastKnownFileType = sourcecode.swift; path = SparkySearchBar.swift; sourceTree = "<group>"; };
		56C41B8B28FECED600D610E5 /* MyScrapVC.swift */ = {isa = PBXFileReference; lastKnownFileType = sourcecode.swift; path = MyScrapVC.swift; sourceTree = "<group>"; };
		56C7B20228E93D9800D638D2 /* UserServiceAPI.swift */ = {isa = PBXFileReference; lastKnownFileType = sourcecode.swift; path = UserServiceAPI.swift; sourceTree = "<group>"; };
		56C7B20428E9463600D638D2 /* UserServiceProvider.swift */ = {isa = PBXFileReference; lastKnownFileType = sourcecode.swift; path = UserServiceProvider.swift; sourceTree = "<group>"; };
		56C7B20628E9687600D638D2 /* EmailSignInViewModel.swift */ = {isa = PBXFileReference; lastKnownFileType = sourcecode.swift; path = EmailSignInViewModel.swift; sourceTree = "<group>"; };
		56C7B20828E9710400D638D2 /* EmailSignInView.swift */ = {isa = PBXFileReference; lastKnownFileType = sourcecode.swift; path = EmailSignInView.swift; sourceTree = "<group>"; };
		56DD96672905435B002DED3E /* CustomPaddingLabel.swift */ = {isa = PBXFileReference; lastKnownFileType = sourcecode.swift; path = CustomPaddingLabel.swift; sourceTree = "<group>"; };
		56DD966A29059162002DED3E /* BehaviorRelay+.swift */ = {isa = PBXFileReference; lastKnownFileType = sourcecode.swift; path = "BehaviorRelay+.swift"; sourceTree = "<group>"; };
		56DE426428E1F9ED000A6A55 /* SignUpVC1.swift */ = {isa = PBXFileReference; lastKnownFileType = sourcecode.swift; path = SignUpVC1.swift; sourceTree = "<group>"; };
		56DE426628E20E91000A6A55 /* SignUpVC3.swift */ = {isa = PBXFileReference; lastKnownFileType = sourcecode.swift; path = SignUpVC3.swift; sourceTree = "<group>"; };
		56DE426828E20E9A000A6A55 /* SignUpVC4.swift */ = {isa = PBXFileReference; lastKnownFileType = sourcecode.swift; path = SignUpVC4.swift; sourceTree = "<group>"; };
		56DE426A28E21547000A6A55 /* UINavigationBar+.swift */ = {isa = PBXFileReference; lastKnownFileType = sourcecode.swift; path = "UINavigationBar+.swift"; sourceTree = "<group>"; };
		6ABAFA7026C61786223BEC78 /* Pods_Sparky_iOS.framework */ = {isa = PBXFileReference; explicitFileType = wrapper.framework; includeInIndex = 0; path = Pods_Sparky_iOS.framework; sourceTree = BUILT_PRODUCTS_DIR; };
		87445CAE558148396AB3A61B /* Pods-Sparky.debug.xcconfig */ = {isa = PBXFileReference; includeInIndex = 1; lastKnownFileType = text.xcconfig; name = "Pods-Sparky.debug.xcconfig"; path = "Target Support Files/Pods-Sparky/Pods-Sparky.debug.xcconfig"; sourceTree = "<group>"; };
		B153EBDBD0D95E1B97296EE3 /* Pods-Sparky-iOS.debug.xcconfig */ = {isa = PBXFileReference; includeInIndex = 1; lastKnownFileType = text.xcconfig; name = "Pods-Sparky-iOS.debug.xcconfig"; path = "Target Support Files/Pods-Sparky-iOS/Pods-Sparky-iOS.debug.xcconfig"; sourceTree = "<group>"; };
		B6FFBEC78E25C4506161522C /* libPods-Sparky-iOSUITests.a */ = {isa = PBXFileReference; explicitFileType = archive.ar; includeInIndex = 0; path = "libPods-Sparky-iOSUITests.a"; sourceTree = BUILT_PRODUCTS_DIR; };
		CBFDC6BAB8D01EA8D26504DC /* Pods-Sparky-iOSUITests.debug.xcconfig */ = {isa = PBXFileReference; includeInIndex = 1; lastKnownFileType = text.xcconfig; name = "Pods-Sparky-iOSUITests.debug.xcconfig"; path = "Target Support Files/Pods-Sparky-iOSUITests/Pods-Sparky-iOSUITests.debug.xcconfig"; sourceTree = "<group>"; };
		EB428911D2E97756C2983B9E /* Pods-Sparky-iOSTests.release.xcconfig */ = {isa = PBXFileReference; includeInIndex = 1; lastKnownFileType = text.xcconfig; name = "Pods-Sparky-iOSTests.release.xcconfig"; path = "Target Support Files/Pods-Sparky-iOSTests/Pods-Sparky-iOSTests.release.xcconfig"; sourceTree = "<group>"; };
/* End PBXFileReference section */

/* Begin PBXFrameworksBuildPhase section */
		560BF32328D0ECF200438463 /* Frameworks */ = {
			isa = PBXFrameworksBuildPhase;
			buildActionMask = 2147483647;
			files = (
				26C651488BDA360A196D23F1 /* Pods_Sparky.framework in Frameworks */,
			);
			runOnlyForDeploymentPostprocessing = 0;
		};
		5693C1EF28CE2CDC008710FF /* Frameworks */ = {
			isa = PBXFrameworksBuildPhase;
			buildActionMask = 2147483647;
			files = (
				D54203BDB0AB9BAC47BA33AE /* Pods_Sparky_iOS.framework in Frameworks */,
			);
			runOnlyForDeploymentPostprocessing = 0;
		};
		5693C20528CE2CDE008710FF /* Frameworks */ = {
			isa = PBXFrameworksBuildPhase;
			buildActionMask = 2147483647;
			files = (
				B87BCABECBA61410E31A30B0 /* libPods-Sparky-iOSTests.a in Frameworks */,
			);
			runOnlyForDeploymentPostprocessing = 0;
		};
		5693C20F28CE2CDE008710FF /* Frameworks */ = {
			isa = PBXFrameworksBuildPhase;
			buildActionMask = 2147483647;
			files = (
				6E91645E122F7AAC06A59D3A /* libPods-Sparky-iOSUITests.a in Frameworks */,
			);
			runOnlyForDeploymentPostprocessing = 0;
		};
/* End PBXFrameworksBuildPhase section */

/* Begin PBXGroup section */
		066F2B155FEC59800C670AFE /* Pods */ = {
			isa = PBXGroup;
			children = (
				87445CAE558148396AB3A61B /* Pods-Sparky.debug.xcconfig */,
				0745592499E1AB4F080CEF00 /* Pods-Sparky.release.xcconfig */,
				B153EBDBD0D95E1B97296EE3 /* Pods-Sparky-iOS.debug.xcconfig */,
				48C7ECC7958FFC436E1DDE49 /* Pods-Sparky-iOS.release.xcconfig */,
				0E4FBAAC9059CA562F58B2FE /* Pods-Sparky-iOSTests.debug.xcconfig */,
				EB428911D2E97756C2983B9E /* Pods-Sparky-iOSTests.release.xcconfig */,
				CBFDC6BAB8D01EA8D26504DC /* Pods-Sparky-iOSUITests.debug.xcconfig */,
				1D605460D7A1D106F9AE7D2D /* Pods-Sparky-iOSUITests.release.xcconfig */,
			);
			path = Pods;
			sourceTree = "<group>";
		};
		4F1976CAB6A0A312C734D0FC /* Frameworks */ = {
			isa = PBXGroup;
			children = (
				4E469642D9E4A7E36E73CA30 /* Pods_Sparky.framework */,
				6ABAFA7026C61786223BEC78 /* Pods_Sparky_iOS.framework */,
				30E29FFC4AE402F5D30E4816 /* libPods-Sparky-iOSTests.a */,
				B6FFBEC78E25C4506161522C /* libPods-Sparky-iOSUITests.a */,
			);
			name = Frameworks;
			sourceTree = "<group>";
		};
		560BF31928D0D06700438463 /* SupprotingFiles */ = {
			isa = PBXGroup;
			children = (
				5693C1FE28CE2CDE008710FF /* Assets.xcassets */,
				5693C20028CE2CDE008710FF /* LaunchScreen.storyboard */,
				5693C20328CE2CDE008710FF /* Info.plist */,
			);
			path = SupprotingFiles;
			sourceTree = "<group>";
		};
		560BF31A28D0D0F400438463 /* Scenes */ = {
			isa = PBXGroup;
			children = (
				56C41B8A28FECEC200D610E5 /* MyScrap */,
				56DE426328E1F865000A6A55 /* SignUp */,
				560BF31F28D0E66400438463 /* Home */,
				560BF31E28D0E65900438463 /* Signin */,
			);
			path = Scenes;
			sourceTree = "<group>";
		};
		560BF31B28D0DA9B00438463 /* Extension */ = {
			isa = PBXGroup;
			children = (
				560BF31C28D0DAB300438463 /* UITextField+.swift */,
				5637DD3628E0290E00C119F6 /* Color+.swift */,
				5637DD3828E0291D00C119F6 /* Image+.swift */,
				5637DD3A28E0293000C119F6 /* Font+.swift */,
				56DE426A28E21547000A6A55 /* UINavigationBar+.swift */,
				569B79C328F9BDFD00AD9BC3 /* UIStackView+.swift */,
				568AD0722902ED2600F2CFD7 /* String+.swift */,
				56DD966A29059162002DED3E /* BehaviorRelay+.swift */,
			);
			path = Extension;
			sourceTree = "<group>";
		};
		560BF31E28D0E65900438463 /* Signin */ = {
			isa = PBXGroup;
			children = (
				5693C1F928CE2CDC008710FF /* SigninVC.swift */,
				56C7B20628E9687600D638D2 /* EmailSignInViewModel.swift */,
				56C7B20828E9710400D638D2 /* EmailSignInView.swift */,
			);
			path = Signin;
			sourceTree = "<group>";
		};
		560BF31F28D0E66400438463 /* Home */ = {
			isa = PBXGroup;
			children = (
				560BF32028D0E6AE00438463 /* HomeVC.swift */,
			);
			path = Home;
			sourceTree = "<group>";
		};
		560BF32728D0ECF200438463 /* Sparky */ = {
			isa = PBXGroup;
			children = (
				560BF32D28D0ECF200438463 /* Info.plist */,
			);
			path = Sparky;
			sourceTree = "<group>";
		};
		5616C53F28DB730200BF7126 /* Custom */ = {
			isa = PBXGroup;
			children = (
				56DD96662905400B002DED3E /* Label */,
				56A0AA7328FC3AA200726C13 /* SparkyNavigationBar */,
				56902D1828EAC50F005F18B1 /* OTPField */,
				5616C54028DB730200BF7126 /* Shareing */,
			);
			path = Custom;
			sourceTree = "<group>";
		};
		5616C54028DB730200BF7126 /* Shareing */ = {
			isa = PBXGroup;
			children = (
				5616C54228DB730200BF7126 /* CustomShareVC.swift */,
				5616C54328DB730200BF7126 /* CustomShareNC.swift */,
				569AE21928F481BB003ED188 /* TagCollectionViewModel.swift */,
				5684384C28F5D7C2000E5C89 /* TagCollectionViewCell.swift */,
				569B79C628F9EA4500AD9BC3 /* TagCollectionView.swift */,
				569B79C928F9F0A800AD9BC3 /* TagCollectionViewFlowLayout.swift */,
				56A0AA6E28FBD50F00726C13 /* TagBottomSheetVC.swift */,
				5613666228FDBEC1003A33CE /* RecentTagViewModel.swift */,
				568183452901A641006F616C /* PreviewViewModel.swift */,
			);
			path = Shareing;
			sourceTree = "<group>";
		};
		564938F128E8985B00861D26 /* Service */ = {
			isa = PBXGroup;
			children = (
				564938F228E8AFE800861D26 /* UserService.swift */,
				56C7B20228E93D9800D638D2 /* UserServiceAPI.swift */,
				56C7B20428E9463600D638D2 /* UserServiceProvider.swift */,
			);
			path = Service;
			sourceTree = "<group>";
		};
		564938F428E8B3E800861D26 /* Model */ = {
			isa = PBXGroup;
			children = (
				569AE21628F47FF1003ED188 /* Response */,
				569AE21528F47FE9003ED188 /* Request */,
				5652A44728EB31D400415738 /* Scrap.swift */,
				569AE21728F48062003ED188 /* Tag.swift */,
			);
			path = Model;
			sourceTree = "<group>";
		};
		564938FC28E8BA2E00861D26 /* Utils */ = {
			isa = PBXGroup;
			children = (
				564938FD28E8BAE100861D26 /* HTTPUtils.swift */,
				5606F66D28F3BA300083AA58 /* TokenUtils.swift */,
			);
			path = Utils;
			sourceTree = "<group>";
		};
		5652A44428EB2FE100415738 /* Manager */ = {
			isa = PBXGroup;
			children = (
				5652A44528EB303F00415738 /* CrawlManager.swift */,
			);
			path = Manager;
			sourceTree = "<group>";
		};
		5652A44928EB3CD100415738 /* Strings */ = {
			isa = PBXGroup;
			children = (
				5652A44A28EB3CE000415738 /* Strings.swift */,
			);
			path = Strings;
			sourceTree = "<group>";
		};
		56902D1828EAC50F005F18B1 /* OTPField */ = {
			isa = PBXGroup;
			children = (
				56902D1928EAC527005F18B1 /* OTPTextField.swift */,
				56902D1B28EAC595005F18B1 /* OTPStackView.swift */,
			);
			path = OTPField;
			sourceTree = "<group>";
		};
		5693C1E928CE2CDC008710FF = {
			isa = PBXGroup;
			children = (
				5693C1F428CE2CDC008710FF /* Sparky-iOS */,
				5693C20B28CE2CDE008710FF /* Sparky-iOSTests */,
				5693C21528CE2CDE008710FF /* Sparky-iOSUITests */,
				560BF32728D0ECF200438463 /* Sparky */,
				5693C1F328CE2CDC008710FF /* Products */,
				066F2B155FEC59800C670AFE /* Pods */,
				4F1976CAB6A0A312C734D0FC /* Frameworks */,
			);
			sourceTree = "<group>";
		};
		5693C1F328CE2CDC008710FF /* Products */ = {
			isa = PBXGroup;
			children = (
				5693C1F228CE2CDC008710FF /* Sparky-iOS.app */,
				5693C20828CE2CDE008710FF /* Sparky-iOSTests.xctest */,
				5693C21228CE2CDE008710FF /* Sparky-iOSUITests.xctest */,
				560BF32628D0ECF200438463 /* Sparky.appex */,
			);
			name = Products;
			sourceTree = "<group>";
		};
		5693C1F428CE2CDC008710FF /* Sparky-iOS */ = {
			isa = PBXGroup;
			children = (
				5652A44928EB3CD100415738 /* Strings */,
				5652A44428EB2FE100415738 /* Manager */,
				564938FC28E8BA2E00861D26 /* Utils */,
				564938F428E8B3E800861D26 /* Model */,
				564938F128E8985B00861D26 /* Service */,
				5616C53F28DB730200BF7126 /* Custom */,
				560BF31B28D0DA9B00438463 /* Extension */,
				560BF31A28D0D0F400438463 /* Scenes */,
				5693C1F528CE2CDC008710FF /* AppDelegate.swift */,
				5693C1F728CE2CDC008710FF /* SceneDelegate.swift */,
				560BF31928D0D06700438463 /* SupprotingFiles */,
			);
			path = "Sparky-iOS";
			sourceTree = "<group>";
		};
		5693C20B28CE2CDE008710FF /* Sparky-iOSTests */ = {
			isa = PBXGroup;
			children = (
				5693C20C28CE2CDE008710FF /* Sparky_iOSTests.swift */,
			);
			path = "Sparky-iOSTests";
			sourceTree = "<group>";
		};
		5693C21528CE2CDE008710FF /* Sparky-iOSUITests */ = {
			isa = PBXGroup;
			children = (
				5693C21628CE2CDE008710FF /* Sparky_iOSUITests.swift */,
				5693C21828CE2CDE008710FF /* Sparky_iOSUITestsLaunchTests.swift */,
			);
			path = "Sparky-iOSUITests";
			sourceTree = "<group>";
		};
		569AE21528F47FE9003ED188 /* Request */ = {
			isa = PBXGroup;
			children = (
				564938F828E8B55E00861D26 /* EmailSignInRequest.swift */,
				567DF86E28EC9645005A3E30 /* EmailConfirmRequest.swift */,
				567DF87028EC983B005A3E30 /* EmailSignUpRequest.swift */,
				567DF87328ECA69F005A3E30 /* EmailSendRequest.swift */,
				5680F0F328F33598004D240D /* EmailNicknameDuplicateRequest.swift */,
			);
			path = Request;
			sourceTree = "<group>";
		};
		569AE21628F47FF1003ED188 /* Response */ = {
			isa = PBXGroup;
			children = (
				564938FA28E8B56B00861D26 /* EmailSignInResponse.swift */,
				567DF87528ECAAE4005A3E30 /* EmailSignUpResponse.swift */,
			);
			path = Response;
			sourceTree = "<group>";
		};
		56A0AA7328FC3AA200726C13 /* SparkyNavigationBar */ = {
			isa = PBXGroup;
			children = (
				56A0AA7428FC3AD400726C13 /* SparkyNavBar.swift */,
				56C41B8728FEC81900D610E5 /* SparkySearchBar.swift */,
			);
			path = SparkyNavigationBar;
			sourceTree = "<group>";
		};
		56C41B8A28FECEC200D610E5 /* MyScrap */ = {
			isa = PBXGroup;
			children = (
				56C41B8B28FECED600D610E5 /* MyScrapVC.swift */,
			);
			path = MyScrap;
			sourceTree = "<group>";
		};
		56DD96662905400B002DED3E /* Label */ = {
			isa = PBXGroup;
			children = (
				56DD96672905435B002DED3E /* CustomPaddingLabel.swift */,
			);
			path = Label;
			sourceTree = "<group>";
		};
		56DE426328E1F865000A6A55 /* SignUp */ = {
			isa = PBXGroup;
			children = (
				56DE426428E1F9ED000A6A55 /* SignUpVC1.swift */,
				56A6FAF228E4BB4B009EA038 /* SignUpVC2.swift */,
				56DE426628E20E91000A6A55 /* SignUpVC3.swift */,
				56DE426828E20E9A000A6A55 /* SignUpVC4.swift */,
				56902D1628EA9B70005F18B1 /* SignUpViewModel.swift */,
			);
			path = SignUp;
			sourceTree = "<group>";
		};
/* End PBXGroup section */

/* Begin PBXNativeTarget section */
		560BF32528D0ECF200438463 /* Sparky */ = {
			isa = PBXNativeTarget;
			buildConfigurationList = 560BF33428D0ECF200438463 /* Build configuration list for PBXNativeTarget "Sparky" */;
			buildPhases = (
				92911DD291889C73CAEB061A /* [CP] Check Pods Manifest.lock */,
				560BF32228D0ECF200438463 /* Sources */,
				560BF32328D0ECF200438463 /* Frameworks */,
				560BF32428D0ECF200438463 /* Resources */,
			);
			buildRules = (
			);
			dependencies = (
			);
			name = Sparky;
			productName = Sparky;
			productReference = 560BF32628D0ECF200438463 /* Sparky.appex */;
			productType = "com.apple.product-type.app-extension";
		};
		5693C1F128CE2CDC008710FF /* Sparky-iOS */ = {
			isa = PBXNativeTarget;
			buildConfigurationList = 5693C21C28CE2CDE008710FF /* Build configuration list for PBXNativeTarget "Sparky-iOS" */;
			buildPhases = (
				898E72415C4AA62133C2A1C9 /* [CP] Check Pods Manifest.lock */,
				5693C1EE28CE2CDC008710FF /* Sources */,
				5693C1EF28CE2CDC008710FF /* Frameworks */,
				5693C1F028CE2CDC008710FF /* Resources */,
				560BF33128D0ECF200438463 /* Embed App Extensions */,
				0D219C42C203B55B58CEB186 /* [CP] Embed Pods Frameworks */,
			);
			buildRules = (
			);
			dependencies = (
				560BF32F28D0ECF200438463 /* PBXTargetDependency */,
			);
			name = "Sparky-iOS";
			productName = "Sparky-iOS";
			productReference = 5693C1F228CE2CDC008710FF /* Sparky-iOS.app */;
			productType = "com.apple.product-type.application";
		};
		5693C20728CE2CDE008710FF /* Sparky-iOSTests */ = {
			isa = PBXNativeTarget;
			buildConfigurationList = 5693C21F28CE2CDE008710FF /* Build configuration list for PBXNativeTarget "Sparky-iOSTests" */;
			buildPhases = (
				BBB0B3A2F77F6AB677EE6CA4 /* [CP] Check Pods Manifest.lock */,
				5693C20428CE2CDE008710FF /* Sources */,
				5693C20528CE2CDE008710FF /* Frameworks */,
				5693C20628CE2CDE008710FF /* Resources */,
			);
			buildRules = (
			);
			dependencies = (
				5693C20A28CE2CDE008710FF /* PBXTargetDependency */,
			);
			name = "Sparky-iOSTests";
			productName = "Sparky-iOSTests";
			productReference = 5693C20828CE2CDE008710FF /* Sparky-iOSTests.xctest */;
			productType = "com.apple.product-type.bundle.unit-test";
		};
		5693C21128CE2CDE008710FF /* Sparky-iOSUITests */ = {
			isa = PBXNativeTarget;
			buildConfigurationList = 5693C22228CE2CDE008710FF /* Build configuration list for PBXNativeTarget "Sparky-iOSUITests" */;
			buildPhases = (
				8C4AEF4D20C0FB2067CBD2CA /* [CP] Check Pods Manifest.lock */,
				5693C20E28CE2CDE008710FF /* Sources */,
				5693C20F28CE2CDE008710FF /* Frameworks */,
				5693C21028CE2CDE008710FF /* Resources */,
			);
			buildRules = (
			);
			dependencies = (
				5693C21428CE2CDE008710FF /* PBXTargetDependency */,
			);
			name = "Sparky-iOSUITests";
			productName = "Sparky-iOSUITests";
			productReference = 5693C21228CE2CDE008710FF /* Sparky-iOSUITests.xctest */;
			productType = "com.apple.product-type.bundle.ui-testing";
		};
/* End PBXNativeTarget section */

/* Begin PBXProject section */
		5693C1EA28CE2CDC008710FF /* Project object */ = {
			isa = PBXProject;
			attributes = {
				BuildIndependentTargetsInParallel = 1;
				LastSwiftUpdateCheck = 1330;
				LastUpgradeCheck = 1330;
				TargetAttributes = {
					560BF32528D0ECF200438463 = {
						CreatedOnToolsVersion = 13.3.1;
					};
					5693C1F128CE2CDC008710FF = {
						CreatedOnToolsVersion = 13.3.1;
					};
					5693C20728CE2CDE008710FF = {
						CreatedOnToolsVersion = 13.3.1;
						TestTargetID = 5693C1F128CE2CDC008710FF;
					};
					5693C21128CE2CDE008710FF = {
						CreatedOnToolsVersion = 13.3.1;
						TestTargetID = 5693C1F128CE2CDC008710FF;
					};
				};
			};
			buildConfigurationList = 5693C1ED28CE2CDC008710FF /* Build configuration list for PBXProject "Sparky-iOS" */;
			compatibilityVersion = "Xcode 13.0";
			developmentRegion = en;
			hasScannedForEncodings = 0;
			knownRegions = (
				en,
				Base,
			);
			mainGroup = 5693C1E928CE2CDC008710FF;
			productRefGroup = 5693C1F328CE2CDC008710FF /* Products */;
			projectDirPath = "";
			projectRoot = "";
			targets = (
				5693C1F128CE2CDC008710FF /* Sparky-iOS */,
				5693C20728CE2CDE008710FF /* Sparky-iOSTests */,
				5693C21128CE2CDE008710FF /* Sparky-iOSUITests */,
				560BF32528D0ECF200438463 /* Sparky */,
			);
		};
/* End PBXProject section */

/* Begin PBXResourcesBuildPhase section */
		560BF32428D0ECF200438463 /* Resources */ = {
			isa = PBXResourcesBuildPhase;
			buildActionMask = 2147483647;
			files = (
				5606F67428F43C880083AA58 /* Assets.xcassets in Resources */,
			);
			runOnlyForDeploymentPostprocessing = 0;
		};
		5693C1F028CE2CDC008710FF /* Resources */ = {
			isa = PBXResourcesBuildPhase;
			buildActionMask = 2147483647;
			files = (
				5693C20228CE2CDE008710FF /* LaunchScreen.storyboard in Resources */,
				5693C1FF28CE2CDE008710FF /* Assets.xcassets in Resources */,
			);
			runOnlyForDeploymentPostprocessing = 0;
		};
		5693C20628CE2CDE008710FF /* Resources */ = {
			isa = PBXResourcesBuildPhase;
			buildActionMask = 2147483647;
			files = (
			);
			runOnlyForDeploymentPostprocessing = 0;
		};
		5693C21028CE2CDE008710FF /* Resources */ = {
			isa = PBXResourcesBuildPhase;
			buildActionMask = 2147483647;
			files = (
			);
			runOnlyForDeploymentPostprocessing = 0;
		};
/* End PBXResourcesBuildPhase section */

/* Begin PBXShellScriptBuildPhase section */
		0D219C42C203B55B58CEB186 /* [CP] Embed Pods Frameworks */ = {
			isa = PBXShellScriptBuildPhase;
			buildActionMask = 2147483647;
			files = (
			);
			inputFileListPaths = (
				"${PODS_ROOT}/Target Support Files/Pods-Sparky-iOS/Pods-Sparky-iOS-frameworks-${CONFIGURATION}-input-files.xcfilelist",
			);
			name = "[CP] Embed Pods Frameworks";
			outputFileListPaths = (
				"${PODS_ROOT}/Target Support Files/Pods-Sparky-iOS/Pods-Sparky-iOS-frameworks-${CONFIGURATION}-output-files.xcfilelist",
			);
			runOnlyForDeploymentPostprocessing = 0;
			shellPath = /bin/sh;
			shellScript = "\"${PODS_ROOT}/Target Support Files/Pods-Sparky-iOS/Pods-Sparky-iOS-frameworks.sh\"\n";
			showEnvVarsInLog = 0;
		};
		898E72415C4AA62133C2A1C9 /* [CP] Check Pods Manifest.lock */ = {
			isa = PBXShellScriptBuildPhase;
			buildActionMask = 2147483647;
			files = (
			);
			inputFileListPaths = (
			);
			inputPaths = (
				"${PODS_PODFILE_DIR_PATH}/Podfile.lock",
				"${PODS_ROOT}/Manifest.lock",
			);
			name = "[CP] Check Pods Manifest.lock";
			outputFileListPaths = (
			);
			outputPaths = (
				"$(DERIVED_FILE_DIR)/Pods-Sparky-iOS-checkManifestLockResult.txt",
			);
			runOnlyForDeploymentPostprocessing = 0;
			shellPath = /bin/sh;
			shellScript = "diff \"${PODS_PODFILE_DIR_PATH}/Podfile.lock\" \"${PODS_ROOT}/Manifest.lock\" > /dev/null\nif [ $? != 0 ] ; then\n    # print error to STDERR\n    echo \"error: The sandbox is not in sync with the Podfile.lock. Run 'pod install' or update your CocoaPods installation.\" >&2\n    exit 1\nfi\n# This output is used by Xcode 'outputs' to avoid re-running this script phase.\necho \"SUCCESS\" > \"${SCRIPT_OUTPUT_FILE_0}\"\n";
			showEnvVarsInLog = 0;
		};
		8C4AEF4D20C0FB2067CBD2CA /* [CP] Check Pods Manifest.lock */ = {
			isa = PBXShellScriptBuildPhase;
			buildActionMask = 2147483647;
			files = (
			);
			inputFileListPaths = (
			);
			inputPaths = (
				"${PODS_PODFILE_DIR_PATH}/Podfile.lock",
				"${PODS_ROOT}/Manifest.lock",
			);
			name = "[CP] Check Pods Manifest.lock";
			outputFileListPaths = (
			);
			outputPaths = (
				"$(DERIVED_FILE_DIR)/Pods-Sparky-iOSUITests-checkManifestLockResult.txt",
			);
			runOnlyForDeploymentPostprocessing = 0;
			shellPath = /bin/sh;
			shellScript = "diff \"${PODS_PODFILE_DIR_PATH}/Podfile.lock\" \"${PODS_ROOT}/Manifest.lock\" > /dev/null\nif [ $? != 0 ] ; then\n    # print error to STDERR\n    echo \"error: The sandbox is not in sync with the Podfile.lock. Run 'pod install' or update your CocoaPods installation.\" >&2\n    exit 1\nfi\n# This output is used by Xcode 'outputs' to avoid re-running this script phase.\necho \"SUCCESS\" > \"${SCRIPT_OUTPUT_FILE_0}\"\n";
			showEnvVarsInLog = 0;
		};
		92911DD291889C73CAEB061A /* [CP] Check Pods Manifest.lock */ = {
			isa = PBXShellScriptBuildPhase;
			buildActionMask = 2147483647;
			files = (
			);
			inputFileListPaths = (
			);
			inputPaths = (
				"${PODS_PODFILE_DIR_PATH}/Podfile.lock",
				"${PODS_ROOT}/Manifest.lock",
			);
			name = "[CP] Check Pods Manifest.lock";
			outputFileListPaths = (
			);
			outputPaths = (
				"$(DERIVED_FILE_DIR)/Pods-Sparky-checkManifestLockResult.txt",
			);
			runOnlyForDeploymentPostprocessing = 0;
			shellPath = /bin/sh;
			shellScript = "diff \"${PODS_PODFILE_DIR_PATH}/Podfile.lock\" \"${PODS_ROOT}/Manifest.lock\" > /dev/null\nif [ $? != 0 ] ; then\n    # print error to STDERR\n    echo \"error: The sandbox is not in sync with the Podfile.lock. Run 'pod install' or update your CocoaPods installation.\" >&2\n    exit 1\nfi\n# This output is used by Xcode 'outputs' to avoid re-running this script phase.\necho \"SUCCESS\" > \"${SCRIPT_OUTPUT_FILE_0}\"\n";
			showEnvVarsInLog = 0;
		};
		BBB0B3A2F77F6AB677EE6CA4 /* [CP] Check Pods Manifest.lock */ = {
			isa = PBXShellScriptBuildPhase;
			buildActionMask = 2147483647;
			files = (
			);
			inputFileListPaths = (
			);
			inputPaths = (
				"${PODS_PODFILE_DIR_PATH}/Podfile.lock",
				"${PODS_ROOT}/Manifest.lock",
			);
			name = "[CP] Check Pods Manifest.lock";
			outputFileListPaths = (
			);
			outputPaths = (
				"$(DERIVED_FILE_DIR)/Pods-Sparky-iOSTests-checkManifestLockResult.txt",
			);
			runOnlyForDeploymentPostprocessing = 0;
			shellPath = /bin/sh;
			shellScript = "diff \"${PODS_PODFILE_DIR_PATH}/Podfile.lock\" \"${PODS_ROOT}/Manifest.lock\" > /dev/null\nif [ $? != 0 ] ; then\n    # print error to STDERR\n    echo \"error: The sandbox is not in sync with the Podfile.lock. Run 'pod install' or update your CocoaPods installation.\" >&2\n    exit 1\nfi\n# This output is used by Xcode 'outputs' to avoid re-running this script phase.\necho \"SUCCESS\" > \"${SCRIPT_OUTPUT_FILE_0}\"\n";
			showEnvVarsInLog = 0;
		};
/* End PBXShellScriptBuildPhase section */

/* Begin PBXSourcesBuildPhase section */
		560BF32228D0ECF200438463 /* Sources */ = {
			isa = PBXSourcesBuildPhase;
			buildActionMask = 2147483647;
			files = (
				5606F67028F4352E0083AA58 /* Color+.swift in Sources */,
				568183472901A6D0006F616C /* PreviewViewModel.swift in Sources */,
				5616C54728DB739500BF7126 /* CustomShareVC.swift in Sources */,
				56A0AA7028FC25EE00726C13 /* TagBottomSheetVC.swift in Sources */,
				569B79C828F9EB0200AD9BC3 /* TagCollectionView.swift in Sources */,
				5652A44828EB31D400415738 /* Scrap.swift in Sources */,
				5606F67328F435370083AA58 /* UINavigationBar+.swift in Sources */,
				569AE21B28F48669003ED188 /* TagCollectionViewModel.swift in Sources */,
				5613666428FDBF14003A33CE /* RecentTagViewModel.swift in Sources */,
				56A0AA7628FC3BE100726C13 /* SparkyNavBar.swift in Sources */,
				5606F67228F435340083AA58 /* Font+.swift in Sources */,
				5652A44C28EB4FA800415738 /* Strings.swift in Sources */,
				5606F66F28F4352B0083AA58 /* UITextField+.swift in Sources */,
				5606F67128F435310083AA58 /* Image+.swift in Sources */,
				56DD96692905445C002DED3E /* CustomPaddingLabel.swift in Sources */,
				569B79C528F9BE3100AD9BC3 /* UIStackView+.swift in Sources */,
				5684384E28F5D83C000E5C89 /* TagCollectionViewCell.swift in Sources */,
				5652A44628EB303F00415738 /* CrawlManager.swift in Sources */,
				5616C54828DB739800BF7126 /* CustomShareNC.swift in Sources */,
				56C41B8928FEC8CC00D610E5 /* SparkySearchBar.swift in Sources */,
				568AD0742902EFDE00F2CFD7 /* String+.swift in Sources */,
				5684384F28F5D96E000E5C89 /* Tag.swift in Sources */,
				569B79CB28F9F2A000AD9BC3 /* TagCollectionViewFlowLayout.swift in Sources */,
				56DD966C29059379002DED3E /* BehaviorRelay+.swift in Sources */,
			);
			runOnlyForDeploymentPostprocessing = 0;
		};
		5693C1EE28CE2CDC008710FF /* Sources */ = {
			isa = PBXSourcesBuildPhase;
			buildActionMask = 2147483647;
			files = (
				5680F0F428F33598004D240D /* EmailNicknameDuplicateRequest.swift in Sources */,
				56C7B20328E93D9800D638D2 /* UserServiceAPI.swift in Sources */,
				564938F328E8AFE800861D26 /* UserService.swift in Sources */,
				567DF87128EC983B005A3E30 /* EmailSignUpRequest.swift in Sources */,
				560BF32128D0E6AE00438463 /* HomeVC.swift in Sources */,
				56C7B20728E9687600D638D2 /* EmailSignInViewModel.swift in Sources */,
				569B79C428F9BDFD00AD9BC3 /* UIStackView+.swift in Sources */,
				5637DD3728E0290E00C119F6 /* Color+.swift in Sources */,
				56A6FAF328E4BB4B009EA038 /* SignUpVC2.swift in Sources */,
				567DF87628ECAAE4005A3E30 /* EmailSignUpResponse.swift in Sources */,
				5606F66E28F3BA300083AA58 /* TokenUtils.swift in Sources */,
				567DF86F28EC9645005A3E30 /* EmailConfirmRequest.swift in Sources */,
				5693C1FA28CE2CDC008710FF /* SigninVC.swift in Sources */,
				5693C1F628CE2CDC008710FF /* AppDelegate.swift in Sources */,
				5637DD3B28E0293000C119F6 /* Font+.swift in Sources */,
				564938FB28E8B56B00861D26 /* EmailSignInResponse.swift in Sources */,
				56DD96682905435B002DED3E /* CustomPaddingLabel.swift in Sources */,
				56DE426B28E21547000A6A55 /* UINavigationBar+.swift in Sources */,
				5637DD3928E0291D00C119F6 /* Image+.swift in Sources */,
				56902D1728EA9B70005F18B1 /* SignUpViewModel.swift in Sources */,
				56C7B20528E9463600D638D2 /* UserServiceProvider.swift in Sources */,
				56DE426528E1F9ED000A6A55 /* SignUpVC1.swift in Sources */,
				5693C1F828CE2CDC008710FF /* SceneDelegate.swift in Sources */,
				564938FE28E8BAE100861D26 /* HTTPUtils.swift in Sources */,
				56902D1A28EAC527005F18B1 /* OTPTextField.swift in Sources */,
				560BF31D28D0DAB300438463 /* UITextField+.swift in Sources */,
				56DE426928E20E9A000A6A55 /* SignUpVC4.swift in Sources */,
				5652A44D28EB4FAA00415738 /* Strings.swift in Sources */,
				56C41B8C28FECED600D610E5 /* MyScrapVC.swift in Sources */,
				56DE426728E20E91000A6A55 /* SignUpVC3.swift in Sources */,
				56DD966D2905C5FF002DED3E /* Tag.swift in Sources */,
				56A0AA7728FC3BE200726C13 /* SparkyNavBar.swift in Sources */,
				56902D1C28EAC595005F18B1 /* OTPStackView.swift in Sources */,
				567DF87428ECA69F005A3E30 /* EmailSendRequest.swift in Sources */,
				56C7B20928E9710400D638D2 /* EmailSignInView.swift in Sources */,
				564938F928E8B55E00861D26 /* EmailSignInRequest.swift in Sources */,
				56DD966B29059162002DED3E /* BehaviorRelay+.swift in Sources */,
				56C41B8828FEC81900D610E5 /* SparkySearchBar.swift in Sources */,
			);
			runOnlyForDeploymentPostprocessing = 0;
		};
		5693C20428CE2CDE008710FF /* Sources */ = {
			isa = PBXSourcesBuildPhase;
			buildActionMask = 2147483647;
			files = (
				5693C20D28CE2CDE008710FF /* Sparky_iOSTests.swift in Sources */,
			);
			runOnlyForDeploymentPostprocessing = 0;
		};
		5693C20E28CE2CDE008710FF /* Sources */ = {
			isa = PBXSourcesBuildPhase;
			buildActionMask = 2147483647;
			files = (
				5693C21928CE2CDE008710FF /* Sparky_iOSUITestsLaunchTests.swift in Sources */,
				5693C21728CE2CDE008710FF /* Sparky_iOSUITests.swift in Sources */,
			);
			runOnlyForDeploymentPostprocessing = 0;
		};
/* End PBXSourcesBuildPhase section */

/* Begin PBXTargetDependency section */
		560BF32F28D0ECF200438463 /* PBXTargetDependency */ = {
			isa = PBXTargetDependency;
			target = 560BF32528D0ECF200438463 /* Sparky */;
			targetProxy = 560BF32E28D0ECF200438463 /* PBXContainerItemProxy */;
		};
		5693C20A28CE2CDE008710FF /* PBXTargetDependency */ = {
			isa = PBXTargetDependency;
			target = 5693C1F128CE2CDC008710FF /* Sparky-iOS */;
			targetProxy = 5693C20928CE2CDE008710FF /* PBXContainerItemProxy */;
		};
		5693C21428CE2CDE008710FF /* PBXTargetDependency */ = {
			isa = PBXTargetDependency;
			target = 5693C1F128CE2CDC008710FF /* Sparky-iOS */;
			targetProxy = 5693C21328CE2CDE008710FF /* PBXContainerItemProxy */;
		};
/* End PBXTargetDependency section */

/* Begin PBXVariantGroup section */
		5693C20028CE2CDE008710FF /* LaunchScreen.storyboard */ = {
			isa = PBXVariantGroup;
			children = (
				5693C20128CE2CDE008710FF /* Base */,
			);
			name = LaunchScreen.storyboard;
			sourceTree = "<group>";
		};
/* End PBXVariantGroup section */

/* Begin XCBuildConfiguration section */
		560BF33228D0ECF200438463 /* Debug */ = {
			isa = XCBuildConfiguration;
			baseConfigurationReference = 87445CAE558148396AB3A61B /* Pods-Sparky.debug.xcconfig */;
			buildSettings = {
				CODE_SIGN_ENTITLEMENTS = "";
				CODE_SIGN_STYLE = Automatic;
				CURRENT_PROJECT_VERSION = 1;
				DEVELOPMENT_TEAM = 3KZP62644C;
				GENERATE_INFOPLIST_FILE = YES;
				INFOPLIST_FILE = Sparky/Info.plist;
				INFOPLIST_KEY_CFBundleDisplayName = Sparky;
				INFOPLIST_KEY_NSHumanReadableCopyright = "";
				LD_RUNPATH_SEARCH_PATHS = (
					"$(inherited)",
					"@executable_path/Frameworks",
					"@executable_path/../../Frameworks",
				);
				MARKETING_VERSION = 1.0;
				PRODUCT_BUNDLE_IDENTIFIER = "seungmin.Sparky-iOS.Sparky";
				PRODUCT_NAME = "$(TARGET_NAME)";
				SKIP_INSTALL = YES;
				SWIFT_EMIT_LOC_STRINGS = YES;
				SWIFT_VERSION = 5.0;
				TARGETED_DEVICE_FAMILY = 1;
			};
			name = Debug;
		};
		560BF33328D0ECF200438463 /* Release */ = {
			isa = XCBuildConfiguration;
			baseConfigurationReference = 0745592499E1AB4F080CEF00 /* Pods-Sparky.release.xcconfig */;
			buildSettings = {
				CODE_SIGN_STYLE = Automatic;
				CURRENT_PROJECT_VERSION = 1;
				DEVELOPMENT_TEAM = 3KZP62644C;
				GENERATE_INFOPLIST_FILE = YES;
				INFOPLIST_FILE = Sparky/Info.plist;
				INFOPLIST_KEY_CFBundleDisplayName = Sparky;
				INFOPLIST_KEY_NSHumanReadableCopyright = "";
				LD_RUNPATH_SEARCH_PATHS = (
					"$(inherited)",
					"@executable_path/Frameworks",
					"@executable_path/../../Frameworks",
				);
				MARKETING_VERSION = 1.0;
				PRODUCT_BUNDLE_IDENTIFIER = "seungmin.Sparky-iOS.Sparky";
				PRODUCT_NAME = "$(TARGET_NAME)";
				SKIP_INSTALL = YES;
				SWIFT_EMIT_LOC_STRINGS = YES;
				SWIFT_VERSION = 5.0;
				TARGETED_DEVICE_FAMILY = 1;
			};
			name = Release;
		};
		5693C21A28CE2CDE008710FF /* Debug */ = {
			isa = XCBuildConfiguration;
			buildSettings = {
				ALWAYS_SEARCH_USER_PATHS = NO;
				CLANG_ANALYZER_NONNULL = YES;
				CLANG_ANALYZER_NUMBER_OBJECT_CONVERSION = YES_AGGRESSIVE;
				CLANG_CXX_LANGUAGE_STANDARD = "gnu++17";
				CLANG_ENABLE_MODULES = YES;
				CLANG_ENABLE_OBJC_ARC = YES;
				CLANG_ENABLE_OBJC_WEAK = YES;
				CLANG_WARN_BLOCK_CAPTURE_AUTORELEASING = YES;
				CLANG_WARN_BOOL_CONVERSION = YES;
				CLANG_WARN_COMMA = YES;
				CLANG_WARN_CONSTANT_CONVERSION = YES;
				CLANG_WARN_DEPRECATED_OBJC_IMPLEMENTATIONS = YES;
				CLANG_WARN_DIRECT_OBJC_ISA_USAGE = YES_ERROR;
				CLANG_WARN_DOCUMENTATION_COMMENTS = YES;
				CLANG_WARN_EMPTY_BODY = YES;
				CLANG_WARN_ENUM_CONVERSION = YES;
				CLANG_WARN_INFINITE_RECURSION = YES;
				CLANG_WARN_INT_CONVERSION = YES;
				CLANG_WARN_NON_LITERAL_NULL_CONVERSION = YES;
				CLANG_WARN_OBJC_IMPLICIT_RETAIN_SELF = YES;
				CLANG_WARN_OBJC_LITERAL_CONVERSION = YES;
				CLANG_WARN_OBJC_ROOT_CLASS = YES_ERROR;
				CLANG_WARN_QUOTED_INCLUDE_IN_FRAMEWORK_HEADER = YES;
				CLANG_WARN_RANGE_LOOP_ANALYSIS = YES;
				CLANG_WARN_STRICT_PROTOTYPES = YES;
				CLANG_WARN_SUSPICIOUS_MOVE = YES;
				CLANG_WARN_UNGUARDED_AVAILABILITY = YES_AGGRESSIVE;
				CLANG_WARN_UNREACHABLE_CODE = YES;
				CLANG_WARN__DUPLICATE_METHOD_MATCH = YES;
				COPY_PHASE_STRIP = NO;
				DEBUG_INFORMATION_FORMAT = dwarf;
				ENABLE_STRICT_OBJC_MSGSEND = YES;
				ENABLE_TESTABILITY = YES;
				GCC_C_LANGUAGE_STANDARD = gnu11;
				GCC_DYNAMIC_NO_PIC = NO;
				GCC_NO_COMMON_BLOCKS = YES;
				GCC_OPTIMIZATION_LEVEL = 0;
				GCC_PREPROCESSOR_DEFINITIONS = (
					"DEBUG=1",
					"$(inherited)",
				);
				GCC_WARN_64_TO_32_BIT_CONVERSION = YES;
				GCC_WARN_ABOUT_RETURN_TYPE = YES_ERROR;
				GCC_WARN_UNDECLARED_SELECTOR = YES;
				GCC_WARN_UNINITIALIZED_AUTOS = YES_AGGRESSIVE;
				GCC_WARN_UNUSED_FUNCTION = YES;
				GCC_WARN_UNUSED_VARIABLE = YES;
				IPHONEOS_DEPLOYMENT_TARGET = 13.0;
				MTL_ENABLE_DEBUG_INFO = INCLUDE_SOURCE;
				MTL_FAST_MATH = YES;
				ONLY_ACTIVE_ARCH = YES;
				SDKROOT = iphoneos;
				SWIFT_ACTIVE_COMPILATION_CONDITIONS = DEBUG;
				SWIFT_OPTIMIZATION_LEVEL = "-Onone";
			};
			name = Debug;
		};
		5693C21B28CE2CDE008710FF /* Release */ = {
			isa = XCBuildConfiguration;
			buildSettings = {
				ALWAYS_SEARCH_USER_PATHS = NO;
				CLANG_ANALYZER_NONNULL = YES;
				CLANG_ANALYZER_NUMBER_OBJECT_CONVERSION = YES_AGGRESSIVE;
				CLANG_CXX_LANGUAGE_STANDARD = "gnu++17";
				CLANG_ENABLE_MODULES = YES;
				CLANG_ENABLE_OBJC_ARC = YES;
				CLANG_ENABLE_OBJC_WEAK = YES;
				CLANG_WARN_BLOCK_CAPTURE_AUTORELEASING = YES;
				CLANG_WARN_BOOL_CONVERSION = YES;
				CLANG_WARN_COMMA = YES;
				CLANG_WARN_CONSTANT_CONVERSION = YES;
				CLANG_WARN_DEPRECATED_OBJC_IMPLEMENTATIONS = YES;
				CLANG_WARN_DIRECT_OBJC_ISA_USAGE = YES_ERROR;
				CLANG_WARN_DOCUMENTATION_COMMENTS = YES;
				CLANG_WARN_EMPTY_BODY = YES;
				CLANG_WARN_ENUM_CONVERSION = YES;
				CLANG_WARN_INFINITE_RECURSION = YES;
				CLANG_WARN_INT_CONVERSION = YES;
				CLANG_WARN_NON_LITERAL_NULL_CONVERSION = YES;
				CLANG_WARN_OBJC_IMPLICIT_RETAIN_SELF = YES;
				CLANG_WARN_OBJC_LITERAL_CONVERSION = YES;
				CLANG_WARN_OBJC_ROOT_CLASS = YES_ERROR;
				CLANG_WARN_QUOTED_INCLUDE_IN_FRAMEWORK_HEADER = YES;
				CLANG_WARN_RANGE_LOOP_ANALYSIS = YES;
				CLANG_WARN_STRICT_PROTOTYPES = YES;
				CLANG_WARN_SUSPICIOUS_MOVE = YES;
				CLANG_WARN_UNGUARDED_AVAILABILITY = YES_AGGRESSIVE;
				CLANG_WARN_UNREACHABLE_CODE = YES;
				CLANG_WARN__DUPLICATE_METHOD_MATCH = YES;
				COPY_PHASE_STRIP = NO;
				DEBUG_INFORMATION_FORMAT = "dwarf-with-dsym";
				ENABLE_NS_ASSERTIONS = NO;
				ENABLE_STRICT_OBJC_MSGSEND = YES;
				GCC_C_LANGUAGE_STANDARD = gnu11;
				GCC_NO_COMMON_BLOCKS = YES;
				GCC_WARN_64_TO_32_BIT_CONVERSION = YES;
				GCC_WARN_ABOUT_RETURN_TYPE = YES_ERROR;
				GCC_WARN_UNDECLARED_SELECTOR = YES;
				GCC_WARN_UNINITIALIZED_AUTOS = YES_AGGRESSIVE;
				GCC_WARN_UNUSED_FUNCTION = YES;
				GCC_WARN_UNUSED_VARIABLE = YES;
				IPHONEOS_DEPLOYMENT_TARGET = 13.0;
				MTL_ENABLE_DEBUG_INFO = NO;
				MTL_FAST_MATH = YES;
				SDKROOT = iphoneos;
				SWIFT_COMPILATION_MODE = wholemodule;
				SWIFT_OPTIMIZATION_LEVEL = "-O";
				VALIDATE_PRODUCT = YES;
			};
			name = Release;
		};
		5693C21D28CE2CDE008710FF /* Debug */ = {
			isa = XCBuildConfiguration;
			baseConfigurationReference = B153EBDBD0D95E1B97296EE3 /* Pods-Sparky-iOS.debug.xcconfig */;
			buildSettings = {
				ALWAYS_EMBED_SWIFT_STANDARD_LIBRARIES = YES;
				ASSETCATALOG_COMPILER_APPICON_NAME = AppIcon;
				ASSETCATALOG_COMPILER_GLOBAL_ACCENT_COLOR_NAME = AccentColor;
				CODE_SIGN_STYLE = Automatic;
				CURRENT_PROJECT_VERSION = 1;
				DEVELOPMENT_TEAM = 3KZP62644C;
				GENERATE_INFOPLIST_FILE = YES;
				INFOPLIST_FILE = "Sparky-iOS/SupprotingFiles/Info.plist";
				INFOPLIST_KEY_CFBundleDisplayName = Sparky;
				INFOPLIST_KEY_UIApplicationSupportsIndirectInputEvents = YES;
				INFOPLIST_KEY_UILaunchStoryboardName = LaunchScreen;
				INFOPLIST_KEY_UISupportedInterfaceOrientations = UIInterfaceOrientationPortrait;
				INFOPLIST_KEY_UISupportedInterfaceOrientations_iPad = "UIInterfaceOrientationPortrait UIInterfaceOrientationPortraitUpsideDown UIInterfaceOrientationLandscapeLeft UIInterfaceOrientationLandscapeRight";
				INFOPLIST_KEY_UISupportedInterfaceOrientations_iPhone = "UIInterfaceOrientationPortrait UIInterfaceOrientationLandscapeLeft UIInterfaceOrientationLandscapeRight";
				IPHONEOS_DEPLOYMENT_TARGET = 13.0;
				LD_RUNPATH_SEARCH_PATHS = (
					"$(inherited)",
					"@executable_path/Frameworks",
				);
				MARKETING_VERSION = 1.0;
				PRODUCT_BUNDLE_IDENTIFIER = "seungmin.Sparky-iOS";
				PRODUCT_NAME = "$(TARGET_NAME)";
				SWIFT_EMIT_LOC_STRINGS = YES;
				SWIFT_VERSION = 5.0;
				TARGETED_DEVICE_FAMILY = 1;
			};
			name = Debug;
		};
		5693C21E28CE2CDE008710FF /* Release */ = {
			isa = XCBuildConfiguration;
			baseConfigurationReference = 48C7ECC7958FFC436E1DDE49 /* Pods-Sparky-iOS.release.xcconfig */;
			buildSettings = {
				ALWAYS_EMBED_SWIFT_STANDARD_LIBRARIES = YES;
				ASSETCATALOG_COMPILER_APPICON_NAME = AppIcon;
				ASSETCATALOG_COMPILER_GLOBAL_ACCENT_COLOR_NAME = AccentColor;
				CODE_SIGN_STYLE = Automatic;
				CURRENT_PROJECT_VERSION = 1;
				DEVELOPMENT_TEAM = 3KZP62644C;
				GENERATE_INFOPLIST_FILE = YES;
				INFOPLIST_FILE = "Sparky-iOS/SupprotingFiles/Info.plist";
				INFOPLIST_KEY_CFBundleDisplayName = Sparky;
				INFOPLIST_KEY_UIApplicationSupportsIndirectInputEvents = YES;
				INFOPLIST_KEY_UILaunchStoryboardName = LaunchScreen;
				INFOPLIST_KEY_UISupportedInterfaceOrientations = UIInterfaceOrientationPortrait;
				INFOPLIST_KEY_UISupportedInterfaceOrientations_iPad = "UIInterfaceOrientationPortrait UIInterfaceOrientationPortraitUpsideDown UIInterfaceOrientationLandscapeLeft UIInterfaceOrientationLandscapeRight";
				INFOPLIST_KEY_UISupportedInterfaceOrientations_iPhone = "UIInterfaceOrientationPortrait UIInterfaceOrientationLandscapeLeft UIInterfaceOrientationLandscapeRight";
				IPHONEOS_DEPLOYMENT_TARGET = 13.0;
				LD_RUNPATH_SEARCH_PATHS = (
					"$(inherited)",
					"@executable_path/Frameworks",
				);
				MARKETING_VERSION = 1.0;
				PRODUCT_BUNDLE_IDENTIFIER = "seungmin.Sparky-iOS";
				PRODUCT_NAME = "$(TARGET_NAME)";
				SWIFT_EMIT_LOC_STRINGS = YES;
				SWIFT_VERSION = 5.0;
				TARGETED_DEVICE_FAMILY = 1;
			};
			name = Release;
		};
		5693C22028CE2CDE008710FF /* Debug */ = {
			isa = XCBuildConfiguration;
			baseConfigurationReference = 0E4FBAAC9059CA562F58B2FE /* Pods-Sparky-iOSTests.debug.xcconfig */;
			buildSettings = {
				ALWAYS_EMBED_SWIFT_STANDARD_LIBRARIES = YES;
				BUNDLE_LOADER = "$(TEST_HOST)";
				CODE_SIGN_STYLE = Automatic;
				CURRENT_PROJECT_VERSION = 1;
				GENERATE_INFOPLIST_FILE = YES;
				IPHONEOS_DEPLOYMENT_TARGET = 15.4;
				MARKETING_VERSION = 1.0;
				PRODUCT_BUNDLE_IDENTIFIER = "seungmin.Sparky-iOSTests";
				PRODUCT_NAME = "$(TARGET_NAME)";
				SWIFT_EMIT_LOC_STRINGS = NO;
				SWIFT_VERSION = 5.0;
				TARGETED_DEVICE_FAMILY = 1;
				TEST_HOST = "$(BUILT_PRODUCTS_DIR)/Sparky-iOS.app/Sparky-iOS";
			};
			name = Debug;
		};
		5693C22128CE2CDE008710FF /* Release */ = {
			isa = XCBuildConfiguration;
			baseConfigurationReference = EB428911D2E97756C2983B9E /* Pods-Sparky-iOSTests.release.xcconfig */;
			buildSettings = {
				ALWAYS_EMBED_SWIFT_STANDARD_LIBRARIES = YES;
				BUNDLE_LOADER = "$(TEST_HOST)";
				CODE_SIGN_STYLE = Automatic;
				CURRENT_PROJECT_VERSION = 1;
				GENERATE_INFOPLIST_FILE = YES;
				IPHONEOS_DEPLOYMENT_TARGET = 15.4;
				MARKETING_VERSION = 1.0;
				PRODUCT_BUNDLE_IDENTIFIER = "seungmin.Sparky-iOSTests";
				PRODUCT_NAME = "$(TARGET_NAME)";
				SWIFT_EMIT_LOC_STRINGS = NO;
				SWIFT_VERSION = 5.0;
				TARGETED_DEVICE_FAMILY = 1;
				TEST_HOST = "$(BUILT_PRODUCTS_DIR)/Sparky-iOS.app/Sparky-iOS";
			};
			name = Release;
		};
		5693C22328CE2CDE008710FF /* Debug */ = {
			isa = XCBuildConfiguration;
			baseConfigurationReference = CBFDC6BAB8D01EA8D26504DC /* Pods-Sparky-iOSUITests.debug.xcconfig */;
			buildSettings = {
				ALWAYS_EMBED_SWIFT_STANDARD_LIBRARIES = YES;
				CODE_SIGN_STYLE = Automatic;
				CURRENT_PROJECT_VERSION = 1;
				GENERATE_INFOPLIST_FILE = YES;
				MARKETING_VERSION = 1.0;
				PRODUCT_BUNDLE_IDENTIFIER = "seungmin.Sparky-iOSUITests";
				PRODUCT_NAME = "$(TARGET_NAME)";
				SWIFT_EMIT_LOC_STRINGS = NO;
				SWIFT_VERSION = 5.0;
				TARGETED_DEVICE_FAMILY = 1;
				TEST_TARGET_NAME = "Sparky-iOS";
			};
			name = Debug;
		};
		5693C22428CE2CDE008710FF /* Release */ = {
			isa = XCBuildConfiguration;
			baseConfigurationReference = 1D605460D7A1D106F9AE7D2D /* Pods-Sparky-iOSUITests.release.xcconfig */;
			buildSettings = {
				ALWAYS_EMBED_SWIFT_STANDARD_LIBRARIES = YES;
				CODE_SIGN_STYLE = Automatic;
				CURRENT_PROJECT_VERSION = 1;
				GENERATE_INFOPLIST_FILE = YES;
				MARKETING_VERSION = 1.0;
				PRODUCT_BUNDLE_IDENTIFIER = "seungmin.Sparky-iOSUITests";
				PRODUCT_NAME = "$(TARGET_NAME)";
				SWIFT_EMIT_LOC_STRINGS = NO;
				SWIFT_VERSION = 5.0;
				TARGETED_DEVICE_FAMILY = 1;
				TEST_TARGET_NAME = "Sparky-iOS";
			};
			name = Release;
		};
/* End XCBuildConfiguration section */

/* Begin XCConfigurationList section */
		560BF33428D0ECF200438463 /* Build configuration list for PBXNativeTarget "Sparky" */ = {
			isa = XCConfigurationList;
			buildConfigurations = (
				560BF33228D0ECF200438463 /* Debug */,
				560BF33328D0ECF200438463 /* Release */,
			);
			defaultConfigurationIsVisible = 0;
			defaultConfigurationName = Release;
		};
		5693C1ED28CE2CDC008710FF /* Build configuration list for PBXProject "Sparky-iOS" */ = {
			isa = XCConfigurationList;
			buildConfigurations = (
				5693C21A28CE2CDE008710FF /* Debug */,
				5693C21B28CE2CDE008710FF /* Release */,
			);
			defaultConfigurationIsVisible = 0;
			defaultConfigurationName = Release;
		};
		5693C21C28CE2CDE008710FF /* Build configuration list for PBXNativeTarget "Sparky-iOS" */ = {
			isa = XCConfigurationList;
			buildConfigurations = (
				5693C21D28CE2CDE008710FF /* Debug */,
				5693C21E28CE2CDE008710FF /* Release */,
			);
			defaultConfigurationIsVisible = 0;
			defaultConfigurationName = Release;
		};
		5693C21F28CE2CDE008710FF /* Build configuration list for PBXNativeTarget "Sparky-iOSTests" */ = {
			isa = XCConfigurationList;
			buildConfigurations = (
				5693C22028CE2CDE008710FF /* Debug */,
				5693C22128CE2CDE008710FF /* Release */,
			);
			defaultConfigurationIsVisible = 0;
			defaultConfigurationName = Release;
		};
		5693C22228CE2CDE008710FF /* Build configuration list for PBXNativeTarget "Sparky-iOSUITests" */ = {
			isa = XCConfigurationList;
			buildConfigurations = (
				5693C22328CE2CDE008710FF /* Debug */,
				5693C22428CE2CDE008710FF /* Release */,
			);
			defaultConfigurationIsVisible = 0;
			defaultConfigurationName = Release;
		};
/* End XCConfigurationList section */
	};
	rootObject = 5693C1EA28CE2CDC008710FF /* Project object */;
}
